
Microsoft Visual Studio Solution File, Format Version 12.00
# Visual Studio Version 17
VisualStudioVersion = 17.0.31903.59
MinimumVisualStudioVersion = 10.0.40219.1
Project("{2150E333-8FDC-42A3-9474-1A3956D46DE8}") = "src", "src", "{827E0CD3-B72D-47B6-A68D-7590B98EB39B}"
EndProject
Project("{FAE04EC0-301F-11D3-BF4B-00C04F79EFBC}") = "Hyprx.Lodi", "src\Hyprx.Lodi.csproj", "{AB6010B1-D3C1-44AF-A446-7C7AD96D1A1C}"
EndProject
Project("{FAE04EC0-301F-11D3-BF4B-00C04F79EFBC}") = "Hxtest", "test\Hxtest.csproj", "{1859B350-DE99-4955-8B49-058CDDFFE5A8}"
EndProject
Global
	GlobalSection(SolutionConfigurationPlatforms) = preSolution
		Debug|Any CPU = Debug|Any CPU
		Debug|x64 = Debug|x64
		Debug|x86 = Debug|x86
		Release|Any CPU = Release|Any CPU
		Release|x64 = Release|x64
		Release|x86 = Release|x86
	EndGlobalSection
	GlobalSection(ProjectConfigurationPlatforms) = postSolution
		{AB6010B1-D3C1-44AF-A446-7C7AD96D1A1C}.Debug|Any CPU.ActiveCfg = Debug|Any CPU
		{AB6010B1-D3C1-44AF-A446-7C7AD96D1A1C}.Debug|Any CPU.Build.0 = Debug|Any CPU
		{AB6010B1-D3C1-44AF-A446-7C7AD96D1A1C}.Debug|x64.ActiveCfg = Debug|Any CPU
		{AB6010B1-D3C1-44AF-A446-7C7AD96D1A1C}.Debug|x64.Build.0 = Debug|Any CPU
		{AB6010B1-D3C1-44AF-A446-7C7AD96D1A1C}.Debug|x86.ActiveCfg = Debug|Any CPU
		{AB6010B1-D3C1-44AF-A446-7C7AD96D1A1C}.Debug|x86.Build.0 = Debug|Any CPU
		{AB6010B1-D3C1-44AF-A446-7C7AD96D1A1C}.Release|Any CPU.ActiveCfg = Release|Any CPU
		{AB6010B1-D3C1-44AF-A446-7C7AD96D1A1C}.Release|Any CPU.Build.0 = Release|Any CPU
		{AB6010B1-D3C1-44AF-A446-7C7AD96D1A1C}.Release|x64.ActiveCfg = Release|Any CPU
		{AB6010B1-D3C1-44AF-A446-7C7AD96D1A1C}.Release|x64.Build.0 = Release|Any CPU
		{AB6010B1-D3C1-44AF-A446-7C7AD96D1A1C}.Release|x86.ActiveCfg = Release|Any CPU
		{AB6010B1-D3C1-44AF-A446-7C7AD96D1A1C}.Release|x86.Build.0 = Release|Any CPU
		{1859B350-DE99-4955-8B49-058CDDFFE5A8}.Debug|Any CPU.ActiveCfg = Debug|Any CPU
		{1859B350-DE99-4955-8B49-058CDDFFE5A8}.Debug|Any CPU.Build.0 = Debug|Any CPU
		{1859B350-DE99-4955-8B49-058CDDFFE5A8}.Debug|x64.ActiveCfg = Debug|Any CPU
		{1859B350-DE99-4955-8B49-058CDDFFE5A8}.Debug|x64.Build.0 = Debug|Any CPU
		{1859B350-DE99-4955-8B49-058CDDFFE5A8}.Debug|x86.ActiveCfg = Debug|Any CPU
		{1859B350-DE99-4955-8B49-058CDDFFE5A8}.Debug|x86.Build.0 = Debug|Any CPU
		{1859B350-DE99-4955-8B49-058CDDFFE5A8}.Release|Any CPU.ActiveCfg = Release|Any CPU
		{1859B350-DE99-4955-8B49-058CDDFFE5A8}.Release|Any CPU.Build.0 = Release|Any CPU
		{1859B350-DE99-4955-8B49-058CDDFFE5A8}.Release|x64.ActiveCfg = Release|Any CPU
		{1859B350-DE99-4955-8B49-058CDDFFE5A8}.Release|x64.Build.0 = Release|Any CPU
		{1859B350-DE99-4955-8B49-058CDDFFE5A8}.Release|x86.ActiveCfg = Release|Any CPU
		{1859B350-DE99-4955-8B49-058CDDFFE5A8}.Release|x86.Build.0 = Release|Any CPU
	EndGlobalSection
	GlobalSection(SolutionProperties) = preSolution
		HideSolutionNode = FALSE
	EndGlobalSection
	GlobalSection(NestedProjects) = preSolution
		{AB6010B1-D3C1-44AF-A446-7C7AD96D1A1C} = {827E0CD3-B72D-47B6-A68D-7590B98EB39B}
		{1859B350-DE99-4955-8B49-058CDDFFE5A8} = {827E0CD3-B72D-47B6-A68D-7590B98EB39B}
	EndGlobalSection
EndGlobal
