
Microsoft Visual Studio Solution File, Format Version 12.00
# Visual Studio Version 17
VisualStudioVersion = 17.0.31903.59
MinimumVisualStudioVersion = 10.0.40219.1
Project("{2150E333-8FDC-42A3-9474-1A3956D46DE8}") = "src", "src", "{827E0CD3-B72D-47B6-A68D-7590B98EB39B}"
EndProject
Project("{FAE04EC0-301F-11D3-BF4B-00C04F79EFBC}") = "Hyprx.Crypto.X509", "src\Hyprx.Crypto.X509.csproj", "{BE0A30C1-658A-40EE-B275-683E63DFA021}"
EndProject
Project("{FAE04EC0-301F-11D3-BF4B-00C04F79EFBC}") = "Hyprx.Crypto.X509.Tests", "test\Hyprx.Crypto.X509.Tests.csproj", "{E9AE22F2-0842-4619-8729-B94BAF490A5A}"
EndProject
Global
	GlobalSection(SolutionConfigurationPlatforms) = preSolution
		Debug|Any CPU = Debug|Any CPU
		Debug|x64 = Debug|x64
		Debug|x86 = Debug|x86
		Release|Any CPU = Release|Any CPU
		Release|x64 = Release|x64
		Release|x86 = Release|x86
	EndGlobalSection
	GlobalSection(ProjectConfigurationPlatforms) = postSolution
		{BE0A30C1-658A-40EE-B275-683E63DFA021}.Debug|Any CPU.ActiveCfg = Debug|Any CPU
		{BE0A30C1-658A-40EE-B275-683E63DFA021}.Debug|Any CPU.Build.0 = Debug|Any CPU
		{BE0A30C1-658A-40EE-B275-683E63DFA021}.Debug|x64.ActiveCfg = Debug|Any CPU
		{BE0A30C1-658A-40EE-B275-683E63DFA021}.Debug|x64.Build.0 = Debug|Any CPU
		{BE0A30C1-658A-40EE-B275-683E63DFA021}.Debug|x86.ActiveCfg = Debug|Any CPU
		{BE0A30C1-658A-40EE-B275-683E63DFA021}.Debug|x86.Build.0 = Debug|Any CPU
		{BE0A30C1-658A-40EE-B275-683E63DFA021}.Release|Any CPU.ActiveCfg = Release|Any CPU
		{BE0A30C1-658A-40EE-B275-683E63DFA021}.Release|Any CPU.Build.0 = Release|Any CPU
		{BE0A30C1-658A-40EE-B275-683E63DFA021}.Release|x64.ActiveCfg = Release|Any CPU
		{BE0A30C1-658A-40EE-B275-683E63DFA021}.Release|x64.Build.0 = Release|Any CPU
		{BE0A30C1-658A-40EE-B275-683E63DFA021}.Release|x86.ActiveCfg = Release|Any CPU
		{BE0A30C1-658A-40EE-B275-683E63DFA021}.Release|x86.Build.0 = Release|Any CPU
		{E9AE22F2-0842-4619-8729-B94BAF490A5A}.Debug|Any CPU.ActiveCfg = Debug|Any CPU
		{E9AE22F2-0842-4619-8729-B94BAF490A5A}.Debug|Any CPU.Build.0 = Debug|Any CPU
		{E9AE22F2-0842-4619-8729-B94BAF490A5A}.Debug|x64.ActiveCfg = Debug|Any CPU
		{E9AE22F2-0842-4619-8729-B94BAF490A5A}.Debug|x64.Build.0 = Debug|Any CPU
		{E9AE22F2-0842-4619-8729-B94BAF490A5A}.Debug|x86.ActiveCfg = Debug|Any CPU
		{E9AE22F2-0842-4619-8729-B94BAF490A5A}.Debug|x86.Build.0 = Debug|Any CPU
		{E9AE22F2-0842-4619-8729-B94BAF490A5A}.Release|Any CPU.ActiveCfg = Release|Any CPU
		{E9AE22F2-0842-4619-8729-B94BAF490A5A}.Release|Any CPU.Build.0 = Release|Any CPU
		{E9AE22F2-0842-4619-8729-B94BAF490A5A}.Release|x64.ActiveCfg = Release|Any CPU
		{E9AE22F2-0842-4619-8729-B94BAF490A5A}.Release|x64.Build.0 = Release|Any CPU
		{E9AE22F2-0842-4619-8729-B94BAF490A5A}.Release|x86.ActiveCfg = Release|Any CPU
		{E9AE22F2-0842-4619-8729-B94BAF490A5A}.Release|x86.Build.0 = Release|Any CPU
	EndGlobalSection
	GlobalSection(SolutionProperties) = preSolution
		HideSolutionNode = FALSE
	EndGlobalSection
	GlobalSection(NestedProjects) = preSolution
		{BE0A30C1-658A-40EE-B275-683E63DFA021} = {827E0CD3-B72D-47B6-A68D-7590B98EB39B}
		{E9AE22F2-0842-4619-8729-B94BAF490A5A} = {827E0CD3-B72D-47B6-A68D-7590B98EB39B}
	EndGlobalSection
EndGlobal
