
Microsoft Visual Studio Solution File, Format Version 12.00
# Visual Studio Version 17
VisualStudioVersion = 17.0.31903.59
MinimumVisualStudioVersion = 10.0.40219.1
Project("{FAE04EC0-301F-11D3-BF4B-00C04F79EFBC}") = "Hyprx.Core", "..\bcl\Core\src\Hyprx.Core.csproj", "{C0171F06-9647-44A2-989E-FE55D78230CA}"
EndProject
Project("{FAE04EC0-301F-11D3-BF4B-00C04F79EFBC}") = "Hyprx.Exec", "..\bcl\Exec\src\Hyprx.Exec.csproj", "{7E8FE803-1E57-4C05-B6CE-3D8BB99D0095}"
EndProject
Project("{FAE04EC0-301F-11D3-BF4B-00C04F79EFBC}") = "Hyprx.DotEnv", "..\bcl\DotEnv\src\Hyprx.DotEnv.csproj", "{FAFC9916-2F1F-42CA-9DF8-F719BF766DAB}"
EndProject
Project("{FAE04EC0-301F-11D3-BF4B-00C04F79EFBC}") = "Hyprx.Crypto", "..\bcl\Crypto\src\Hyprx.Crypto.csproj", "{FB894EA6-784C-49E9-A115-8CC6802E634C}"
EndProject
Project("{FAE04EC0-301F-11D3-BF4B-00C04F79EFBC}") = "Hyprx.Shell", "..\bcl\Shell\src\Hyprx.Shell.csproj", "{B73EBB3C-32D6-48D3-916D-93906BF73308}"
EndProject
Project("{2150E333-8FDC-42A3-9474-1A3956D46DE8}") = "Hx", "Hx", "{F9816836-7785-5FA4-3280-6BD2BD2D240D}"
EndProject
Project("{2150E333-8FDC-42A3-9474-1A3956D46DE8}") = "src", "src", "{D8347ABF-4DF0-4725-7061-D367414EA45E}"
EndProject
Project("{FAE04EC0-301F-11D3-BF4B-00C04F79EFBC}") = "Hx", "Hx\src\Hx.csproj", "{3E1B921A-55DE-401D-B465-AFA13208CB91}"
EndProject
Project("{2150E333-8FDC-42A3-9474-1A3956D46DE8}") = "Hx.Site", "Hx.Site", "{3C5D2E56-A31B-BD9B-0EA7-06E42ADC2CC5}"
EndProject
Project("{2150E333-8FDC-42A3-9474-1A3956D46DE8}") = "src", "src", "{0E6D582C-6389-FE44-DEC2-11DBC102AFDB}"
EndProject
Project("{FAE04EC0-301F-11D3-BF4B-00C04F79EFBC}") = "Hx.Site", "Hx.Site\src\Hx.Site.csproj", "{67599EEB-BC29-492C-AC04-8DF9422E4E87}"
EndProject
Project("{2150E333-8FDC-42A3-9474-1A3956D46DE8}") = "Dev.Tasks.Abstractions", "Dev.Tasks.Abstractions", "{B2B2C749-C192-A169-117A-45E956A7D5B4}"
EndProject
Project("{2150E333-8FDC-42A3-9474-1A3956D46DE8}") = "src", "src", "{222CCE8C-797F-B976-C9DE-B040CB1A9BEA}"
EndProject
Project("{FAE04EC0-301F-11D3-BF4B-00C04F79EFBC}") = "Hyprx.Dev.Tasks.Abstractions", "Dev.Tasks.Abstractions\src\Hyprx.Dev.Tasks.Abstractions.csproj", "{2B55CB3D-AFA1-4DD3-A36C-1212E7697554}"
EndProject
Project("{FAE04EC0-301F-11D3-BF4B-00C04F79EFBC}") = "Hyprx.Dev.Tasks.Abstractions.Tests", "Dev.Tasks.Abstractions\test\Hyprx.Dev.Tasks.Abstractions.Tests.csproj", "{C1302963-04A0-4AF3-9BEB-F59E3580A26A}"
EndProject
Project("{2150E333-8FDC-42A3-9474-1A3956D46DE8}") = "Dev.Tasks.Pipelines", "Dev.Tasks.Pipelines", "{68AF3FA0-5BB7-D80A-7F2E-DC984231D2AB}"
EndProject
Project("{2150E333-8FDC-42A3-9474-1A3956D46DE8}") = "src", "src", "{6A29DF89-E9C6-0E46-946A-6536B4A219BC}"
EndProject
Project("{FAE04EC0-301F-11D3-BF4B-00C04F79EFBC}") = "Hyprx.Dev.Tasks.Pipelines", "Dev.Tasks.Pipelines\src\Hyprx.Dev.Tasks.Pipelines.csproj", "{012E99F2-823B-46E1-BCB9-A8862EFB0A98}"
EndProject
Project("{FAE04EC0-301F-11D3-BF4B-00C04F79EFBC}") = "Hyprx.Dev.Tasks.Pipelines.Tests", "Dev.Tasks.Pipelines\test\Hyprx.Dev.Tasks.Pipelines.Tests.csproj", "{1DF80930-BC36-4074-A504-B561DB858308}"
EndProject
Global
	GlobalSection(SolutionConfigurationPlatforms) = preSolution
		Debug|Any CPU = Debug|Any CPU
		Debug|x64 = Debug|x64
		Debug|x86 = Debug|x86
		Release|Any CPU = Release|Any CPU
		Release|x64 = Release|x64
		Release|x86 = Release|x86
	EndGlobalSection
	GlobalSection(ProjectConfigurationPlatforms) = postSolution
		{C0171F06-9647-44A2-989E-FE55D78230CA}.Debug|Any CPU.ActiveCfg = Debug|Any CPU
		{C0171F06-9647-44A2-989E-FE55D78230CA}.Debug|Any CPU.Build.0 = Debug|Any CPU
		{C0171F06-9647-44A2-989E-FE55D78230CA}.Debug|x64.ActiveCfg = Debug|Any CPU
		{C0171F06-9647-44A2-989E-FE55D78230CA}.Debug|x64.Build.0 = Debug|Any CPU
		{C0171F06-9647-44A2-989E-FE55D78230CA}.Debug|x86.ActiveCfg = Debug|Any CPU
		{C0171F06-9647-44A2-989E-FE55D78230CA}.Debug|x86.Build.0 = Debug|Any CPU
		{C0171F06-9647-44A2-989E-FE55D78230CA}.Release|Any CPU.ActiveCfg = Release|Any CPU
		{C0171F06-9647-44A2-989E-FE55D78230CA}.Release|Any CPU.Build.0 = Release|Any CPU
		{C0171F06-9647-44A2-989E-FE55D78230CA}.Release|x64.ActiveCfg = Release|Any CPU
		{C0171F06-9647-44A2-989E-FE55D78230CA}.Release|x64.Build.0 = Release|Any CPU
		{C0171F06-9647-44A2-989E-FE55D78230CA}.Release|x86.ActiveCfg = Release|Any CPU
		{C0171F06-9647-44A2-989E-FE55D78230CA}.Release|x86.Build.0 = Release|Any CPU
		{7E8FE803-1E57-4C05-B6CE-3D8BB99D0095}.Debug|Any CPU.ActiveCfg = Debug|Any CPU
		{7E8FE803-1E57-4C05-B6CE-3D8BB99D0095}.Debug|Any CPU.Build.0 = Debug|Any CPU
		{7E8FE803-1E57-4C05-B6CE-3D8BB99D0095}.Debug|x64.ActiveCfg = Debug|Any CPU
		{7E8FE803-1E57-4C05-B6CE-3D8BB99D0095}.Debug|x64.Build.0 = Debug|Any CPU
		{7E8FE803-1E57-4C05-B6CE-3D8BB99D0095}.Debug|x86.ActiveCfg = Debug|Any CPU
		{7E8FE803-1E57-4C05-B6CE-3D8BB99D0095}.Debug|x86.Build.0 = Debug|Any CPU
		{7E8FE803-1E57-4C05-B6CE-3D8BB99D0095}.Release|Any CPU.ActiveCfg = Release|Any CPU
		{7E8FE803-1E57-4C05-B6CE-3D8BB99D0095}.Release|Any CPU.Build.0 = Release|Any CPU
		{7E8FE803-1E57-4C05-B6CE-3D8BB99D0095}.Release|x64.ActiveCfg = Release|Any CPU
		{7E8FE803-1E57-4C05-B6CE-3D8BB99D0095}.Release|x64.Build.0 = Release|Any CPU
		{7E8FE803-1E57-4C05-B6CE-3D8BB99D0095}.Release|x86.ActiveCfg = Release|Any CPU
		{7E8FE803-1E57-4C05-B6CE-3D8BB99D0095}.Release|x86.Build.0 = Release|Any CPU
		{FAFC9916-2F1F-42CA-9DF8-F719BF766DAB}.Debug|Any CPU.ActiveCfg = Debug|Any CPU
		{FAFC9916-2F1F-42CA-9DF8-F719BF766DAB}.Debug|Any CPU.Build.0 = Debug|Any CPU
		{FAFC9916-2F1F-42CA-9DF8-F719BF766DAB}.Debug|x64.ActiveCfg = Debug|Any CPU
		{FAFC9916-2F1F-42CA-9DF8-F719BF766DAB}.Debug|x64.Build.0 = Debug|Any CPU
		{FAFC9916-2F1F-42CA-9DF8-F719BF766DAB}.Debug|x86.ActiveCfg = Debug|Any CPU
		{FAFC9916-2F1F-42CA-9DF8-F719BF766DAB}.Debug|x86.Build.0 = Debug|Any CPU
		{FAFC9916-2F1F-42CA-9DF8-F719BF766DAB}.Release|Any CPU.ActiveCfg = Release|Any CPU
		{FAFC9916-2F1F-42CA-9DF8-F719BF766DAB}.Release|Any CPU.Build.0 = Release|Any CPU
		{FAFC9916-2F1F-42CA-9DF8-F719BF766DAB}.Release|x64.ActiveCfg = Release|Any CPU
		{FAFC9916-2F1F-42CA-9DF8-F719BF766DAB}.Release|x64.Build.0 = Release|Any CPU
		{FAFC9916-2F1F-42CA-9DF8-F719BF766DAB}.Release|x86.ActiveCfg = Release|Any CPU
		{FAFC9916-2F1F-42CA-9DF8-F719BF766DAB}.Release|x86.Build.0 = Release|Any CPU
		{FB894EA6-784C-49E9-A115-8CC6802E634C}.Debug|Any CPU.ActiveCfg = Debug|Any CPU
		{FB894EA6-784C-49E9-A115-8CC6802E634C}.Debug|Any CPU.Build.0 = Debug|Any CPU
		{FB894EA6-784C-49E9-A115-8CC6802E634C}.Debug|x64.ActiveCfg = Debug|Any CPU
		{FB894EA6-784C-49E9-A115-8CC6802E634C}.Debug|x64.Build.0 = Debug|Any CPU
		{FB894EA6-784C-49E9-A115-8CC6802E634C}.Debug|x86.ActiveCfg = Debug|Any CPU
		{FB894EA6-784C-49E9-A115-8CC6802E634C}.Debug|x86.Build.0 = Debug|Any CPU
		{FB894EA6-784C-49E9-A115-8CC6802E634C}.Release|Any CPU.ActiveCfg = Release|Any CPU
		{FB894EA6-784C-49E9-A115-8CC6802E634C}.Release|Any CPU.Build.0 = Release|Any CPU
		{FB894EA6-784C-49E9-A115-8CC6802E634C}.Release|x64.ActiveCfg = Release|Any CPU
		{FB894EA6-784C-49E9-A115-8CC6802E634C}.Release|x64.Build.0 = Release|Any CPU
		{FB894EA6-784C-49E9-A115-8CC6802E634C}.Release|x86.ActiveCfg = Release|Any CPU
		{FB894EA6-784C-49E9-A115-8CC6802E634C}.Release|x86.Build.0 = Release|Any CPU
		{B73EBB3C-32D6-48D3-916D-93906BF73308}.Debug|Any CPU.ActiveCfg = Debug|Any CPU
		{B73EBB3C-32D6-48D3-916D-93906BF73308}.Debug|Any CPU.Build.0 = Debug|Any CPU
		{B73EBB3C-32D6-48D3-916D-93906BF73308}.Debug|x64.ActiveCfg = Debug|Any CPU
		{B73EBB3C-32D6-48D3-916D-93906BF73308}.Debug|x64.Build.0 = Debug|Any CPU
		{B73EBB3C-32D6-48D3-916D-93906BF73308}.Debug|x86.ActiveCfg = Debug|Any CPU
		{B73EBB3C-32D6-48D3-916D-93906BF73308}.Debug|x86.Build.0 = Debug|Any CPU
		{B73EBB3C-32D6-48D3-916D-93906BF73308}.Release|Any CPU.ActiveCfg = Release|Any CPU
		{B73EBB3C-32D6-48D3-916D-93906BF73308}.Release|Any CPU.Build.0 = Release|Any CPU
		{B73EBB3C-32D6-48D3-916D-93906BF73308}.Release|x64.ActiveCfg = Release|Any CPU
		{B73EBB3C-32D6-48D3-916D-93906BF73308}.Release|x64.Build.0 = Release|Any CPU
		{B73EBB3C-32D6-48D3-916D-93906BF73308}.Release|x86.ActiveCfg = Release|Any CPU
		{B73EBB3C-32D6-48D3-916D-93906BF73308}.Release|x86.Build.0 = Release|Any CPU
		{3E1B921A-55DE-401D-B465-AFA13208CB91}.Debug|Any CPU.ActiveCfg = Debug|Any CPU
		{3E1B921A-55DE-401D-B465-AFA13208CB91}.Debug|Any CPU.Build.0 = Debug|Any CPU
		{3E1B921A-55DE-401D-B465-AFA13208CB91}.Debug|x64.ActiveCfg = Debug|Any CPU
		{3E1B921A-55DE-401D-B465-AFA13208CB91}.Debug|x64.Build.0 = Debug|Any CPU
		{3E1B921A-55DE-401D-B465-AFA13208CB91}.Debug|x86.ActiveCfg = Debug|Any CPU
		{3E1B921A-55DE-401D-B465-AFA13208CB91}.Debug|x86.Build.0 = Debug|Any CPU
		{3E1B921A-55DE-401D-B465-AFA13208CB91}.Release|Any CPU.ActiveCfg = Release|Any CPU
		{3E1B921A-55DE-401D-B465-AFA13208CB91}.Release|Any CPU.Build.0 = Release|Any CPU
		{3E1B921A-55DE-401D-B465-AFA13208CB91}.Release|x64.ActiveCfg = Release|Any CPU
		{3E1B921A-55DE-401D-B465-AFA13208CB91}.Release|x64.Build.0 = Release|Any CPU
		{3E1B921A-55DE-401D-B465-AFA13208CB91}.Release|x86.ActiveCfg = Release|Any CPU
		{3E1B921A-55DE-401D-B465-AFA13208CB91}.Release|x86.Build.0 = Release|Any CPU
		{67599EEB-BC29-492C-AC04-8DF9422E4E87}.Debug|Any CPU.ActiveCfg = Debug|Any CPU
		{67599EEB-BC29-492C-AC04-8DF9422E4E87}.Debug|Any CPU.Build.0 = Debug|Any CPU
		{67599EEB-BC29-492C-AC04-8DF9422E4E87}.Debug|x64.ActiveCfg = Debug|Any CPU
		{67599EEB-BC29-492C-AC04-8DF9422E4E87}.Debug|x64.Build.0 = Debug|Any CPU
		{67599EEB-BC29-492C-AC04-8DF9422E4E87}.Debug|x86.ActiveCfg = Debug|Any CPU
		{67599EEB-BC29-492C-AC04-8DF9422E4E87}.Debug|x86.Build.0 = Debug|Any CPU
		{67599EEB-BC29-492C-AC04-8DF9422E4E87}.Release|Any CPU.ActiveCfg = Release|Any CPU
		{67599EEB-BC29-492C-AC04-8DF9422E4E87}.Release|Any CPU.Build.0 = Release|Any CPU
		{67599EEB-BC29-492C-AC04-8DF9422E4E87}.Release|x64.ActiveCfg = Release|Any CPU
		{67599EEB-BC29-492C-AC04-8DF9422E4E87}.Release|x64.Build.0 = Release|Any CPU
		{67599EEB-BC29-492C-AC04-8DF9422E4E87}.Release|x86.ActiveCfg = Release|Any CPU
		{67599EEB-BC29-492C-AC04-8DF9422E4E87}.Release|x86.Build.0 = Release|Any CPU
		{2B55CB3D-AFA1-4DD3-A36C-1212E7697554}.Debug|Any CPU.ActiveCfg = Debug|Any CPU
		{2B55CB3D-AFA1-4DD3-A36C-1212E7697554}.Debug|Any CPU.Build.0 = Debug|Any CPU
		{2B55CB3D-AFA1-4DD3-A36C-1212E7697554}.Debug|x64.ActiveCfg = Debug|Any CPU
		{2B55CB3D-AFA1-4DD3-A36C-1212E7697554}.Debug|x64.Build.0 = Debug|Any CPU
		{2B55CB3D-AFA1-4DD3-A36C-1212E7697554}.Debug|x86.ActiveCfg = Debug|Any CPU
		{2B55CB3D-AFA1-4DD3-A36C-1212E7697554}.Debug|x86.Build.0 = Debug|Any CPU
		{2B55CB3D-AFA1-4DD3-A36C-1212E7697554}.Release|Any CPU.ActiveCfg = Release|Any CPU
		{2B55CB3D-AFA1-4DD3-A36C-1212E7697554}.Release|Any CPU.Build.0 = Release|Any CPU
		{2B55CB3D-AFA1-4DD3-A36C-1212E7697554}.Release|x64.ActiveCfg = Release|Any CPU
		{2B55CB3D-AFA1-4DD3-A36C-1212E7697554}.Release|x64.Build.0 = Release|Any CPU
		{2B55CB3D-AFA1-4DD3-A36C-1212E7697554}.Release|x86.ActiveCfg = Release|Any CPU
		{2B55CB3D-AFA1-4DD3-A36C-1212E7697554}.Release|x86.Build.0 = Release|Any CPU
		{C1302963-04A0-4AF3-9BEB-F59E3580A26A}.Debug|Any CPU.ActiveCfg = Debug|Any CPU
		{C1302963-04A0-4AF3-9BEB-F59E3580A26A}.Debug|Any CPU.Build.0 = Debug|Any CPU
		{C1302963-04A0-4AF3-9BEB-F59E3580A26A}.Debug|x64.ActiveCfg = Debug|Any CPU
		{C1302963-04A0-4AF3-9BEB-F59E3580A26A}.Debug|x64.Build.0 = Debug|Any CPU
		{C1302963-04A0-4AF3-9BEB-F59E3580A26A}.Debug|x86.ActiveCfg = Debug|Any CPU
		{C1302963-04A0-4AF3-9BEB-F59E3580A26A}.Debug|x86.Build.0 = Debug|Any CPU
		{C1302963-04A0-4AF3-9BEB-F59E3580A26A}.Release|Any CPU.ActiveCfg = Release|Any CPU
		{C1302963-04A0-4AF3-9BEB-F59E3580A26A}.Release|Any CPU.Build.0 = Release|Any CPU
		{C1302963-04A0-4AF3-9BEB-F59E3580A26A}.Release|x64.ActiveCfg = Release|Any CPU
		{C1302963-04A0-4AF3-9BEB-F59E3580A26A}.Release|x64.Build.0 = Release|Any CPU
		{C1302963-04A0-4AF3-9BEB-F59E3580A26A}.Release|x86.ActiveCfg = Release|Any CPU
		{C1302963-04A0-4AF3-9BEB-F59E3580A26A}.Release|x86.Build.0 = Release|Any CPU
		{012E99F2-823B-46E1-BCB9-A8862EFB0A98}.Debug|Any CPU.ActiveCfg = Debug|Any CPU
		{012E99F2-823B-46E1-BCB9-A8862EFB0A98}.Debug|Any CPU.Build.0 = Debug|Any CPU
		{012E99F2-823B-46E1-BCB9-A8862EFB0A98}.Debug|x64.ActiveCfg = Debug|Any CPU
		{012E99F2-823B-46E1-BCB9-A8862EFB0A98}.Debug|x64.Build.0 = Debug|Any CPU
		{012E99F2-823B-46E1-BCB9-A8862EFB0A98}.Debug|x86.ActiveCfg = Debug|Any CPU
		{012E99F2-823B-46E1-BCB9-A8862EFB0A98}.Debug|x86.Build.0 = Debug|Any CPU
		{012E99F2-823B-46E1-BCB9-A8862EFB0A98}.Release|Any CPU.ActiveCfg = Release|Any CPU
		{012E99F2-823B-46E1-BCB9-A8862EFB0A98}.Release|Any CPU.Build.0 = Release|Any CPU
		{012E99F2-823B-46E1-BCB9-A8862EFB0A98}.Release|x64.ActiveCfg = Release|Any CPU
		{012E99F2-823B-46E1-BCB9-A8862EFB0A98}.Release|x64.Build.0 = Release|Any CPU
		{012E99F2-823B-46E1-BCB9-A8862EFB0A98}.Release|x86.ActiveCfg = Release|Any CPU
		{012E99F2-823B-46E1-BCB9-A8862EFB0A98}.Release|x86.Build.0 = Release|Any CPU
		{1DF80930-BC36-4074-A504-B561DB858308}.Debug|Any CPU.ActiveCfg = Debug|Any CPU
		{1DF80930-BC36-4074-A504-B561DB858308}.Debug|Any CPU.Build.0 = Debug|Any CPU
		{1DF80930-BC36-4074-A504-B561DB858308}.Debug|x64.ActiveCfg = Debug|Any CPU
		{1DF80930-BC36-4074-A504-B561DB858308}.Debug|x64.Build.0 = Debug|Any CPU
		{1DF80930-BC36-4074-A504-B561DB858308}.Debug|x86.ActiveCfg = Debug|Any CPU
		{1DF80930-BC36-4074-A504-B561DB858308}.Debug|x86.Build.0 = Debug|Any CPU
		{1DF80930-BC36-4074-A504-B561DB858308}.Release|Any CPU.ActiveCfg = Release|Any CPU
		{1DF80930-BC36-4074-A504-B561DB858308}.Release|Any CPU.Build.0 = Release|Any CPU
		{1DF80930-BC36-4074-A504-B561DB858308}.Release|x64.ActiveCfg = Release|Any CPU
		{1DF80930-BC36-4074-A504-B561DB858308}.Release|x64.Build.0 = Release|Any CPU
		{1DF80930-BC36-4074-A504-B561DB858308}.Release|x86.ActiveCfg = Release|Any CPU
		{1DF80930-BC36-4074-A504-B561DB858308}.Release|x86.Build.0 = Release|Any CPU
	EndGlobalSection
	GlobalSection(SolutionProperties) = preSolution
		HideSolutionNode = FALSE
	EndGlobalSection
	GlobalSection(NestedProjects) = preSolution
		{D8347ABF-4DF0-4725-7061-D367414EA45E} = {F9816836-7785-5FA4-3280-6BD2BD2D240D}
		{3E1B921A-55DE-401D-B465-AFA13208CB91} = {D8347ABF-4DF0-4725-7061-D367414EA45E}
		{0E6D582C-6389-FE44-DEC2-11DBC102AFDB} = {3C5D2E56-A31B-BD9B-0EA7-06E42ADC2CC5}
		{67599EEB-BC29-492C-AC04-8DF9422E4E87} = {0E6D582C-6389-FE44-DEC2-11DBC102AFDB}
		{222CCE8C-797F-B976-C9DE-B040CB1A9BEA} = {B2B2C749-C192-A169-117A-45E956A7D5B4}
		{2B55CB3D-AFA1-4DD3-A36C-1212E7697554} = {222CCE8C-797F-B976-C9DE-B040CB1A9BEA}
		{C1302963-04A0-4AF3-9BEB-F59E3580A26A} = {222CCE8C-797F-B976-C9DE-B040CB1A9BEA}
		{6A29DF89-E9C6-0E46-946A-6536B4A219BC} = {68AF3FA0-5BB7-D80A-7F2E-DC984231D2AB}
		{012E99F2-823B-46E1-BCB9-A8862EFB0A98} = {6A29DF89-E9C6-0E46-946A-6536B4A219BC}
		{1DF80930-BC36-4074-A504-B561DB858308} = {6A29DF89-E9C6-0E46-946A-6536B4A219BC}
	EndGlobalSection
EndGlobal
