
Microsoft Visual Studio Solution File, Format Version 12.00
# Visual Studio Version 17
VisualStudioVersion = 17.0.31903.59
MinimumVisualStudioVersion = 10.0.40219.1
Project("{2150E333-8FDC-42A3-9474-1A3956D46DE8}") = "Core", "Core", "{FBF56CC3-7AE6-AD2D-3F14-7F97FD322CD6}"
EndProject
Project("{2150E333-8FDC-42A3-9474-1A3956D46DE8}") = "src", "src", "{580459B1-2454-B1D6-7C9B-FACCBBFF1222}"
EndProject
Project("{FAE04EC0-301F-11D3-BF4B-00C04F79EFBC}") = "Hyprx.Rex.Core", "Core\src\Hyprx.Rex.Core.csproj", "{BB675380-55B1-439C-BCC4-0D35BB4870B9}"
EndProject
Project("{2150E333-8FDC-42A3-9474-1A3956D46DE8}") = "test", "test", "{6008E44F-FD8E-32B8-07A2-75AB7B4C53C7}"
EndProject
Project("{FAE04EC0-301F-11D3-BF4B-00C04F79EFBC}") = "Hyprx.Rex.Core.Tests", "Core\test\Hyprx.Rex.Core.Tests.csproj", "{9E5D26F4-7C1C-4268-A4DD-C6B4AA35CA8F}"
EndProject
Project("{2150E333-8FDC-42A3-9474-1A3956D46DE8}") = "Pipelines", "Pipelines", "{1C2A5527-9AD6-E19A-7841-A8927B0675B6}"
EndProject
Project("{2150E333-8FDC-42A3-9474-1A3956D46DE8}") = "src", "src", "{B48CC8F5-E747-4537-3D44-EB476EC553F3}"
EndProject
Project("{FAE04EC0-301F-11D3-BF4B-00C04F79EFBC}") = "Hyprx.Rex.Pipelines", "Pipelines\src\Hyprx.Rex.Pipelines.csproj", "{4A02D645-547E-4B1E-94DE-CBAAAEA07C8B}"
EndProject
Project("{2150E333-8FDC-42A3-9474-1A3956D46DE8}") = "test", "test", "{EBECFEDE-99AA-0CCC-8334-90C6372ECD4E}"
EndProject
Project("{FAE04EC0-301F-11D3-BF4B-00C04F79EFBC}") = "Hyprx.Rex.Pipelines.Tests", "Pipelines\test\Hyprx.Rex.Pipelines.Tests.csproj", "{DD9BE18A-F2D2-4CC8-BD30-3EE3FAE9F5B8}"
EndProject
Project("{2150E333-8FDC-42A3-9474-1A3956D46DE8}") = "Console", "Console", "{09D8FB36-4898-7C8E-B3F7-02AC6C3AAC25}"
EndProject
Project("{2150E333-8FDC-42A3-9474-1A3956D46DE8}") = "src", "src", "{0306C431-8790-AEF1-89C9-FFB99B31B692}"
EndProject
Project("{FAE04EC0-301F-11D3-BF4B-00C04F79EFBC}") = "Hyprx.Rex.Console", "Console\src\Hyprx.Rex.Console.csproj", "{B38FF62D-E4BD-48ED-9202-2ABF44AC48EE}"
EndProject
Project("{2150E333-8FDC-42A3-9474-1A3956D46DE8}") = "test", "test", "{F0CBDFF4-3BAD-7714-6B1D-CFC231EC03FD}"
EndProject
Project("{FAE04EC0-301F-11D3-BF4B-00C04F79EFBC}") = "Hyprx.Rex.Console.Tests", "Console\test\Hyprx.Rex.Console.Tests.csproj", "{D510ED63-5D29-4442-8A17-9F45E0F178D9}"
EndProject
Project("{FAE04EC0-301F-11D3-BF4B-00C04F79EFBC}") = "Hyprx.Core", "..\bcl\Core\src\Hyprx.Core.csproj", "{4BB54843-917D-42D3-94AE-C3C3BD8FE470}"
EndProject
Project("{FAE04EC0-301F-11D3-BF4B-00C04F79EFBC}") = "RexKitchen", "RexKitchen\RexKitchen.csproj", "{350952C1-9F75-41E0-8869-F6469901F784}"
EndProject
Project("{FAE04EC0-301F-11D3-BF4B-00C04F79EFBC}") = "Hyprx.Lodi", "..\bcl\Lodi\src\Hyprx.Lodi.csproj", "{9EE17B8D-E1FA-466E-9A20-BBEF218A507A}"
EndProject
Project("{2150E333-8FDC-42A3-9474-1A3956D46DE8}") = "Rex", "Rex", "{5BEB9DA1-5650-CCF6-0192-35861A663B04}"
EndProject
Project("{2150E333-8FDC-42A3-9474-1A3956D46DE8}") = "src", "src", "{C17959F2-D0F2-9095-9ED7-BE1E4A047B25}"
EndProject
Project("{FAE04EC0-301F-11D3-BF4B-00C04F79EFBC}") = "RexCli", "Rex\src\RexCli.csproj", "{BC6EFDEB-1497-4028-AD65-62AC271E8567}"
EndProject
Global
	GlobalSection(SolutionConfigurationPlatforms) = preSolution
		Debug|Any CPU = Debug|Any CPU
		Debug|x64 = Debug|x64
		Debug|x86 = Debug|x86
		Release|Any CPU = Release|Any CPU
		Release|x64 = Release|x64
		Release|x86 = Release|x86
	EndGlobalSection
	GlobalSection(ProjectConfigurationPlatforms) = postSolution
		{BB675380-55B1-439C-BCC4-0D35BB4870B9}.Debug|Any CPU.ActiveCfg = Debug|Any CPU
		{BB675380-55B1-439C-BCC4-0D35BB4870B9}.Debug|Any CPU.Build.0 = Debug|Any CPU
		{BB675380-55B1-439C-BCC4-0D35BB4870B9}.Debug|x64.ActiveCfg = Debug|Any CPU
		{BB675380-55B1-439C-BCC4-0D35BB4870B9}.Debug|x64.Build.0 = Debug|Any CPU
		{BB675380-55B1-439C-BCC4-0D35BB4870B9}.Debug|x86.ActiveCfg = Debug|Any CPU
		{BB675380-55B1-439C-BCC4-0D35BB4870B9}.Debug|x86.Build.0 = Debug|Any CPU
		{BB675380-55B1-439C-BCC4-0D35BB4870B9}.Release|Any CPU.ActiveCfg = Release|Any CPU
		{BB675380-55B1-439C-BCC4-0D35BB4870B9}.Release|Any CPU.Build.0 = Release|Any CPU
		{BB675380-55B1-439C-BCC4-0D35BB4870B9}.Release|x64.ActiveCfg = Release|Any CPU
		{BB675380-55B1-439C-BCC4-0D35BB4870B9}.Release|x64.Build.0 = Release|Any CPU
		{BB675380-55B1-439C-BCC4-0D35BB4870B9}.Release|x86.ActiveCfg = Release|Any CPU
		{BB675380-55B1-439C-BCC4-0D35BB4870B9}.Release|x86.Build.0 = Release|Any CPU
		{9E5D26F4-7C1C-4268-A4DD-C6B4AA35CA8F}.Debug|Any CPU.ActiveCfg = Debug|Any CPU
		{9E5D26F4-7C1C-4268-A4DD-C6B4AA35CA8F}.Debug|Any CPU.Build.0 = Debug|Any CPU
		{9E5D26F4-7C1C-4268-A4DD-C6B4AA35CA8F}.Debug|x64.ActiveCfg = Debug|Any CPU
		{9E5D26F4-7C1C-4268-A4DD-C6B4AA35CA8F}.Debug|x64.Build.0 = Debug|Any CPU
		{9E5D26F4-7C1C-4268-A4DD-C6B4AA35CA8F}.Debug|x86.ActiveCfg = Debug|Any CPU
		{9E5D26F4-7C1C-4268-A4DD-C6B4AA35CA8F}.Debug|x86.Build.0 = Debug|Any CPU
		{9E5D26F4-7C1C-4268-A4DD-C6B4AA35CA8F}.Release|Any CPU.ActiveCfg = Release|Any CPU
		{9E5D26F4-7C1C-4268-A4DD-C6B4AA35CA8F}.Release|Any CPU.Build.0 = Release|Any CPU
		{9E5D26F4-7C1C-4268-A4DD-C6B4AA35CA8F}.Release|x64.ActiveCfg = Release|Any CPU
		{9E5D26F4-7C1C-4268-A4DD-C6B4AA35CA8F}.Release|x64.Build.0 = Release|Any CPU
		{9E5D26F4-7C1C-4268-A4DD-C6B4AA35CA8F}.Release|x86.ActiveCfg = Release|Any CPU
		{9E5D26F4-7C1C-4268-A4DD-C6B4AA35CA8F}.Release|x86.Build.0 = Release|Any CPU
		{4A02D645-547E-4B1E-94DE-CBAAAEA07C8B}.Debug|Any CPU.ActiveCfg = Debug|Any CPU
		{4A02D645-547E-4B1E-94DE-CBAAAEA07C8B}.Debug|Any CPU.Build.0 = Debug|Any CPU
		{4A02D645-547E-4B1E-94DE-CBAAAEA07C8B}.Debug|x64.ActiveCfg = Debug|Any CPU
		{4A02D645-547E-4B1E-94DE-CBAAAEA07C8B}.Debug|x64.Build.0 = Debug|Any CPU
		{4A02D645-547E-4B1E-94DE-CBAAAEA07C8B}.Debug|x86.ActiveCfg = Debug|Any CPU
		{4A02D645-547E-4B1E-94DE-CBAAAEA07C8B}.Debug|x86.Build.0 = Debug|Any CPU
		{4A02D645-547E-4B1E-94DE-CBAAAEA07C8B}.Release|Any CPU.ActiveCfg = Release|Any CPU
		{4A02D645-547E-4B1E-94DE-CBAAAEA07C8B}.Release|Any CPU.Build.0 = Release|Any CPU
		{4A02D645-547E-4B1E-94DE-CBAAAEA07C8B}.Release|x64.ActiveCfg = Release|Any CPU
		{4A02D645-547E-4B1E-94DE-CBAAAEA07C8B}.Release|x64.Build.0 = Release|Any CPU
		{4A02D645-547E-4B1E-94DE-CBAAAEA07C8B}.Release|x86.ActiveCfg = Release|Any CPU
		{4A02D645-547E-4B1E-94DE-CBAAAEA07C8B}.Release|x86.Build.0 = Release|Any CPU
		{DD9BE18A-F2D2-4CC8-BD30-3EE3FAE9F5B8}.Debug|Any CPU.ActiveCfg = Debug|Any CPU
		{DD9BE18A-F2D2-4CC8-BD30-3EE3FAE9F5B8}.Debug|Any CPU.Build.0 = Debug|Any CPU
		{DD9BE18A-F2D2-4CC8-BD30-3EE3FAE9F5B8}.Debug|x64.ActiveCfg = Debug|Any CPU
		{DD9BE18A-F2D2-4CC8-BD30-3EE3FAE9F5B8}.Debug|x64.Build.0 = Debug|Any CPU
		{DD9BE18A-F2D2-4CC8-BD30-3EE3FAE9F5B8}.Debug|x86.ActiveCfg = Debug|Any CPU
		{DD9BE18A-F2D2-4CC8-BD30-3EE3FAE9F5B8}.Debug|x86.Build.0 = Debug|Any CPU
		{DD9BE18A-F2D2-4CC8-BD30-3EE3FAE9F5B8}.Release|Any CPU.ActiveCfg = Release|Any CPU
		{DD9BE18A-F2D2-4CC8-BD30-3EE3FAE9F5B8}.Release|Any CPU.Build.0 = Release|Any CPU
		{DD9BE18A-F2D2-4CC8-BD30-3EE3FAE9F5B8}.Release|x64.ActiveCfg = Release|Any CPU
		{DD9BE18A-F2D2-4CC8-BD30-3EE3FAE9F5B8}.Release|x64.Build.0 = Release|Any CPU
		{DD9BE18A-F2D2-4CC8-BD30-3EE3FAE9F5B8}.Release|x86.ActiveCfg = Release|Any CPU
		{DD9BE18A-F2D2-4CC8-BD30-3EE3FAE9F5B8}.Release|x86.Build.0 = Release|Any CPU
		{B38FF62D-E4BD-48ED-9202-2ABF44AC48EE}.Debug|Any CPU.ActiveCfg = Debug|Any CPU
		{B38FF62D-E4BD-48ED-9202-2ABF44AC48EE}.Debug|Any CPU.Build.0 = Debug|Any CPU
		{B38FF62D-E4BD-48ED-9202-2ABF44AC48EE}.Debug|x64.ActiveCfg = Debug|Any CPU
		{B38FF62D-E4BD-48ED-9202-2ABF44AC48EE}.Debug|x64.Build.0 = Debug|Any CPU
		{B38FF62D-E4BD-48ED-9202-2ABF44AC48EE}.Debug|x86.ActiveCfg = Debug|Any CPU
		{B38FF62D-E4BD-48ED-9202-2ABF44AC48EE}.Debug|x86.Build.0 = Debug|Any CPU
		{B38FF62D-E4BD-48ED-9202-2ABF44AC48EE}.Release|Any CPU.ActiveCfg = Release|Any CPU
		{B38FF62D-E4BD-48ED-9202-2ABF44AC48EE}.Release|Any CPU.Build.0 = Release|Any CPU
		{B38FF62D-E4BD-48ED-9202-2ABF44AC48EE}.Release|x64.ActiveCfg = Release|Any CPU
		{B38FF62D-E4BD-48ED-9202-2ABF44AC48EE}.Release|x64.Build.0 = Release|Any CPU
		{B38FF62D-E4BD-48ED-9202-2ABF44AC48EE}.Release|x86.ActiveCfg = Release|Any CPU
		{B38FF62D-E4BD-48ED-9202-2ABF44AC48EE}.Release|x86.Build.0 = Release|Any CPU
		{D510ED63-5D29-4442-8A17-9F45E0F178D9}.Debug|Any CPU.ActiveCfg = Debug|Any CPU
		{D510ED63-5D29-4442-8A17-9F45E0F178D9}.Debug|Any CPU.Build.0 = Debug|Any CPU
		{D510ED63-5D29-4442-8A17-9F45E0F178D9}.Debug|x64.ActiveCfg = Debug|Any CPU
		{D510ED63-5D29-4442-8A17-9F45E0F178D9}.Debug|x64.Build.0 = Debug|Any CPU
		{D510ED63-5D29-4442-8A17-9F45E0F178D9}.Debug|x86.ActiveCfg = Debug|Any CPU
		{D510ED63-5D29-4442-8A17-9F45E0F178D9}.Debug|x86.Build.0 = Debug|Any CPU
		{D510ED63-5D29-4442-8A17-9F45E0F178D9}.Release|Any CPU.ActiveCfg = Release|Any CPU
		{D510ED63-5D29-4442-8A17-9F45E0F178D9}.Release|Any CPU.Build.0 = Release|Any CPU
		{D510ED63-5D29-4442-8A17-9F45E0F178D9}.Release|x64.ActiveCfg = Release|Any CPU
		{D510ED63-5D29-4442-8A17-9F45E0F178D9}.Release|x64.Build.0 = Release|Any CPU
		{D510ED63-5D29-4442-8A17-9F45E0F178D9}.Release|x86.ActiveCfg = Release|Any CPU
		{D510ED63-5D29-4442-8A17-9F45E0F178D9}.Release|x86.Build.0 = Release|Any CPU
		{4BB54843-917D-42D3-94AE-C3C3BD8FE470}.Debug|Any CPU.ActiveCfg = Debug|Any CPU
		{4BB54843-917D-42D3-94AE-C3C3BD8FE470}.Debug|Any CPU.Build.0 = Debug|Any CPU
		{4BB54843-917D-42D3-94AE-C3C3BD8FE470}.Debug|x64.ActiveCfg = Debug|Any CPU
		{4BB54843-917D-42D3-94AE-C3C3BD8FE470}.Debug|x64.Build.0 = Debug|Any CPU
		{4BB54843-917D-42D3-94AE-C3C3BD8FE470}.Debug|x86.ActiveCfg = Debug|Any CPU
		{4BB54843-917D-42D3-94AE-C3C3BD8FE470}.Debug|x86.Build.0 = Debug|Any CPU
		{4BB54843-917D-42D3-94AE-C3C3BD8FE470}.Release|Any CPU.ActiveCfg = Release|Any CPU
		{4BB54843-917D-42D3-94AE-C3C3BD8FE470}.Release|Any CPU.Build.0 = Release|Any CPU
		{4BB54843-917D-42D3-94AE-C3C3BD8FE470}.Release|x64.ActiveCfg = Release|Any CPU
		{4BB54843-917D-42D3-94AE-C3C3BD8FE470}.Release|x64.Build.0 = Release|Any CPU
		{4BB54843-917D-42D3-94AE-C3C3BD8FE470}.Release|x86.ActiveCfg = Release|Any CPU
		{4BB54843-917D-42D3-94AE-C3C3BD8FE470}.Release|x86.Build.0 = Release|Any CPU
		{350952C1-9F75-41E0-8869-F6469901F784}.Debug|Any CPU.ActiveCfg = Debug|Any CPU
		{350952C1-9F75-41E0-8869-F6469901F784}.Debug|Any CPU.Build.0 = Debug|Any CPU
		{350952C1-9F75-41E0-8869-F6469901F784}.Debug|x64.ActiveCfg = Debug|Any CPU
		{350952C1-9F75-41E0-8869-F6469901F784}.Debug|x64.Build.0 = Debug|Any CPU
		{350952C1-9F75-41E0-8869-F6469901F784}.Debug|x86.ActiveCfg = Debug|Any CPU
		{350952C1-9F75-41E0-8869-F6469901F784}.Debug|x86.Build.0 = Debug|Any CPU
		{350952C1-9F75-41E0-8869-F6469901F784}.Release|Any CPU.ActiveCfg = Release|Any CPU
		{350952C1-9F75-41E0-8869-F6469901F784}.Release|Any CPU.Build.0 = Release|Any CPU
		{350952C1-9F75-41E0-8869-F6469901F784}.Release|x64.ActiveCfg = Release|Any CPU
		{350952C1-9F75-41E0-8869-F6469901F784}.Release|x64.Build.0 = Release|Any CPU
		{350952C1-9F75-41E0-8869-F6469901F784}.Release|x86.ActiveCfg = Release|Any CPU
		{350952C1-9F75-41E0-8869-F6469901F784}.Release|x86.Build.0 = Release|Any CPU
		{9EE17B8D-E1FA-466E-9A20-BBEF218A507A}.Debug|Any CPU.ActiveCfg = Debug|Any CPU
		{9EE17B8D-E1FA-466E-9A20-BBEF218A507A}.Debug|Any CPU.Build.0 = Debug|Any CPU
		{9EE17B8D-E1FA-466E-9A20-BBEF218A507A}.Debug|x64.ActiveCfg = Debug|Any CPU
		{9EE17B8D-E1FA-466E-9A20-BBEF218A507A}.Debug|x64.Build.0 = Debug|Any CPU
		{9EE17B8D-E1FA-466E-9A20-BBEF218A507A}.Debug|x86.ActiveCfg = Debug|Any CPU
		{9EE17B8D-E1FA-466E-9A20-BBEF218A507A}.Debug|x86.Build.0 = Debug|Any CPU
		{9EE17B8D-E1FA-466E-9A20-BBEF218A507A}.Release|Any CPU.ActiveCfg = Release|Any CPU
		{9EE17B8D-E1FA-466E-9A20-BBEF218A507A}.Release|Any CPU.Build.0 = Release|Any CPU
		{9EE17B8D-E1FA-466E-9A20-BBEF218A507A}.Release|x64.ActiveCfg = Release|Any CPU
		{9EE17B8D-E1FA-466E-9A20-BBEF218A507A}.Release|x64.Build.0 = Release|Any CPU
		{9EE17B8D-E1FA-466E-9A20-BBEF218A507A}.Release|x86.ActiveCfg = Release|Any CPU
		{9EE17B8D-E1FA-466E-9A20-BBEF218A507A}.Release|x86.Build.0 = Release|Any CPU
		{BC6EFDEB-1497-4028-AD65-62AC271E8567}.Debug|Any CPU.ActiveCfg = Debug|Any CPU
		{BC6EFDEB-1497-4028-AD65-62AC271E8567}.Debug|Any CPU.Build.0 = Debug|Any CPU
		{BC6EFDEB-1497-4028-AD65-62AC271E8567}.Debug|x64.ActiveCfg = Debug|Any CPU
		{BC6EFDEB-1497-4028-AD65-62AC271E8567}.Debug|x64.Build.0 = Debug|Any CPU
		{BC6EFDEB-1497-4028-AD65-62AC271E8567}.Debug|x86.ActiveCfg = Debug|Any CPU
		{BC6EFDEB-1497-4028-AD65-62AC271E8567}.Debug|x86.Build.0 = Debug|Any CPU
		{BC6EFDEB-1497-4028-AD65-62AC271E8567}.Release|Any CPU.ActiveCfg = Release|Any CPU
		{BC6EFDEB-1497-4028-AD65-62AC271E8567}.Release|Any CPU.Build.0 = Release|Any CPU
		{BC6EFDEB-1497-4028-AD65-62AC271E8567}.Release|x64.ActiveCfg = Release|Any CPU
		{BC6EFDEB-1497-4028-AD65-62AC271E8567}.Release|x64.Build.0 = Release|Any CPU
		{BC6EFDEB-1497-4028-AD65-62AC271E8567}.Release|x86.ActiveCfg = Release|Any CPU
		{BC6EFDEB-1497-4028-AD65-62AC271E8567}.Release|x86.Build.0 = Release|Any CPU
	EndGlobalSection
	GlobalSection(SolutionProperties) = preSolution
		HideSolutionNode = FALSE
	EndGlobalSection
	GlobalSection(NestedProjects) = preSolution
		{580459B1-2454-B1D6-7C9B-FACCBBFF1222} = {FBF56CC3-7AE6-AD2D-3F14-7F97FD322CD6}
		{BB675380-55B1-439C-BCC4-0D35BB4870B9} = {580459B1-2454-B1D6-7C9B-FACCBBFF1222}
		{6008E44F-FD8E-32B8-07A2-75AB7B4C53C7} = {FBF56CC3-7AE6-AD2D-3F14-7F97FD322CD6}
		{9E5D26F4-7C1C-4268-A4DD-C6B4AA35CA8F} = {6008E44F-FD8E-32B8-07A2-75AB7B4C53C7}
		{B48CC8F5-E747-4537-3D44-EB476EC553F3} = {1C2A5527-9AD6-E19A-7841-A8927B0675B6}
		{4A02D645-547E-4B1E-94DE-CBAAAEA07C8B} = {B48CC8F5-E747-4537-3D44-EB476EC553F3}
		{EBECFEDE-99AA-0CCC-8334-90C6372ECD4E} = {1C2A5527-9AD6-E19A-7841-A8927B0675B6}
		{DD9BE18A-F2D2-4CC8-BD30-3EE3FAE9F5B8} = {EBECFEDE-99AA-0CCC-8334-90C6372ECD4E}
		{0306C431-8790-AEF1-89C9-FFB99B31B692} = {09D8FB36-4898-7C8E-B3F7-02AC6C3AAC25}
		{B38FF62D-E4BD-48ED-9202-2ABF44AC48EE} = {0306C431-8790-AEF1-89C9-FFB99B31B692}
		{F0CBDFF4-3BAD-7714-6B1D-CFC231EC03FD} = {09D8FB36-4898-7C8E-B3F7-02AC6C3AAC25}
		{D510ED63-5D29-4442-8A17-9F45E0F178D9} = {F0CBDFF4-3BAD-7714-6B1D-CFC231EC03FD}
		{C17959F2-D0F2-9095-9ED7-BE1E4A047B25} = {5BEB9DA1-5650-CCF6-0192-35861A663B04}
		{BC6EFDEB-1497-4028-AD65-62AC271E8567} = {C17959F2-D0F2-9095-9ED7-BE1E4A047B25}
	EndGlobalSection
EndGlobal
