
Microsoft Visual Studio Solution File, Format Version 12.00
# Visual Studio Version 17
VisualStudioVersion = 17.0.31903.59
MinimumVisualStudioVersion = 10.0.40219.1
Project("{2150E333-8FDC-42A3-9474-1A3956D46DE8}") = "src", "src", "{827E0CD3-B72D-47B6-A68D-7590B98EB39B}"
EndProject
Project("{FAE04EC0-301F-11D3-BF4B-00C04F79EFBC}") = "Hyprx.Dev.Tasks.Runners.Console", "src\Hyprx.Dev.Tasks.Runners.Console.csproj", "{7903BC84-D632-40B2-97FC-F5E0DBC1E48B}"
EndProject
Project("{FAE04EC0-301F-11D3-BF4B-00C04F79EFBC}") = "Hxtest", "test\Hxtest.csproj", "{DDFD1BF7-BC09-4C11-9EA9-1A59BD2B3AE7}"
EndProject
Global
	GlobalSection(SolutionConfigurationPlatforms) = preSolution
		Debug|Any CPU = Debug|Any CPU
		Debug|x64 = Debug|x64
		Debug|x86 = Debug|x86
		Release|Any CPU = Release|Any CPU
		Release|x64 = Release|x64
		Release|x86 = Release|x86
	EndGlobalSection
	GlobalSection(ProjectConfigurationPlatforms) = postSolution
		{7903BC84-D632-40B2-97FC-F5E0DBC1E48B}.Debug|Any CPU.ActiveCfg = Debug|Any CPU
		{7903BC84-D632-40B2-97FC-F5E0DBC1E48B}.Debug|Any CPU.Build.0 = Debug|Any CPU
		{7903BC84-D632-40B2-97FC-F5E0DBC1E48B}.Debug|x64.ActiveCfg = Debug|Any CPU
		{7903BC84-D632-40B2-97FC-F5E0DBC1E48B}.Debug|x64.Build.0 = Debug|Any CPU
		{7903BC84-D632-40B2-97FC-F5E0DBC1E48B}.Debug|x86.ActiveCfg = Debug|Any CPU
		{7903BC84-D632-40B2-97FC-F5E0DBC1E48B}.Debug|x86.Build.0 = Debug|Any CPU
		{7903BC84-D632-40B2-97FC-F5E0DBC1E48B}.Release|Any CPU.ActiveCfg = Release|Any CPU
		{7903BC84-D632-40B2-97FC-F5E0DBC1E48B}.Release|Any CPU.Build.0 = Release|Any CPU
		{7903BC84-D632-40B2-97FC-F5E0DBC1E48B}.Release|x64.ActiveCfg = Release|Any CPU
		{7903BC84-D632-40B2-97FC-F5E0DBC1E48B}.Release|x64.Build.0 = Release|Any CPU
		{7903BC84-D632-40B2-97FC-F5E0DBC1E48B}.Release|x86.ActiveCfg = Release|Any CPU
		{7903BC84-D632-40B2-97FC-F5E0DBC1E48B}.Release|x86.Build.0 = Release|Any CPU
		{DDFD1BF7-BC09-4C11-9EA9-1A59BD2B3AE7}.Debug|Any CPU.ActiveCfg = Debug|Any CPU
		{DDFD1BF7-BC09-4C11-9EA9-1A59BD2B3AE7}.Debug|Any CPU.Build.0 = Debug|Any CPU
		{DDFD1BF7-BC09-4C11-9EA9-1A59BD2B3AE7}.Debug|x64.ActiveCfg = Debug|Any CPU
		{DDFD1BF7-BC09-4C11-9EA9-1A59BD2B3AE7}.Debug|x64.Build.0 = Debug|Any CPU
		{DDFD1BF7-BC09-4C11-9EA9-1A59BD2B3AE7}.Debug|x86.ActiveCfg = Debug|Any CPU
		{DDFD1BF7-BC09-4C11-9EA9-1A59BD2B3AE7}.Debug|x86.Build.0 = Debug|Any CPU
		{DDFD1BF7-BC09-4C11-9EA9-1A59BD2B3AE7}.Release|Any CPU.ActiveCfg = Release|Any CPU
		{DDFD1BF7-BC09-4C11-9EA9-1A59BD2B3AE7}.Release|Any CPU.Build.0 = Release|Any CPU
		{DDFD1BF7-BC09-4C11-9EA9-1A59BD2B3AE7}.Release|x64.ActiveCfg = Release|Any CPU
		{DDFD1BF7-BC09-4C11-9EA9-1A59BD2B3AE7}.Release|x64.Build.0 = Release|Any CPU
		{DDFD1BF7-BC09-4C11-9EA9-1A59BD2B3AE7}.Release|x86.ActiveCfg = Release|Any CPU
		{DDFD1BF7-BC09-4C11-9EA9-1A59BD2B3AE7}.Release|x86.Build.0 = Release|Any CPU
	EndGlobalSection
	GlobalSection(SolutionProperties) = preSolution
		HideSolutionNode = FALSE
	EndGlobalSection
	GlobalSection(NestedProjects) = preSolution
		{7903BC84-D632-40B2-97FC-F5E0DBC1E48B} = {827E0CD3-B72D-47B6-A68D-7590B98EB39B}
		{DDFD1BF7-BC09-4C11-9EA9-1A59BD2B3AE7} = {827E0CD3-B72D-47B6-A68D-7590B98EB39B}
	EndGlobalSection
EndGlobal
