
Microsoft Visual Studio Solution File, Format Version 12.00
# Visual Studio Version 17
VisualStudioVersion = 17.0.31903.59
MinimumVisualStudioVersion = 10.0.40219.1
Project("{2150E333-8FDC-42A3-9474-1A3956D46DE8}") = "Core", "Core", "{FBF56CC3-7AE6-AD2D-3F14-7F97FD322CD6}"
EndProject
Project("{2150E333-8FDC-42A3-9474-1A3956D46DE8}") = "src", "src", "{580459B1-2454-B1D6-7C9B-FACCBBFF1222}"
EndProject
Project("{FAE04EC0-301F-11D3-BF4B-00C04F79EFBC}") = "Hyprx.Core", "Core\src\Hyprx.Core.csproj", "{04ED244A-E41D-46EF-AD97-DFB4092A05A5}"
EndProject
Project("{FAE04EC0-301F-11D3-BF4B-00C04F79EFBC}") = "Hyprx.Core.Tests", "Core\test\Hyprx.Core.Tests.csproj", "{F8AAC420-0520-4A55-B0E4-DF1B5B380E00}"
EndProject
Project("{2150E333-8FDC-42A3-9474-1A3956D46DE8}") = "Exec", "Exec", "{97EB579D-CD49-5AC6-AC90-F6D1C316749C}"
EndProject
Project("{2150E333-8FDC-42A3-9474-1A3956D46DE8}") = "src", "src", "{AC2D89EB-DD23-B592-6767-98AD18873DEA}"
EndProject
Project("{FAE04EC0-301F-11D3-BF4B-00C04F79EFBC}") = "Hyprx.Exec", "Exec\src\Hyprx.Exec.csproj", "{BC0C7E38-F74F-445E-8267-A6D5AA08CF53}"
EndProject
Project("{FAE04EC0-301F-11D3-BF4B-00C04F79EFBC}") = "Hyprx.Exec.Tests", "Exec\test\Hyprx.Exec.Tests.csproj", "{23F8D3DD-870D-43DF-B577-3EF0DF5E2B62}"
EndProject
Project("{2150E333-8FDC-42A3-9474-1A3956D46DE8}") = "Colors.Primitives", "Colors.Primitives", "{E3443D5C-F8CD-24D3-6C6B-AC316B518D5F}"
EndProject
Project("{2150E333-8FDC-42A3-9474-1A3956D46DE8}") = "src", "src", "{96FE8F44-D942-B9CF-C567-FC835066A5B1}"
EndProject
Project("{FAE04EC0-301F-11D3-BF4B-00C04F79EFBC}") = "Hyprx.Colors.Primitives", "Colors.Primitives\src\Hyprx.Colors.Primitives.csproj", "{691619C5-E1BD-4AE5-9D73-7CAC20EDEC78}"
EndProject
Project("{FAE04EC0-301F-11D3-BF4B-00C04F79EFBC}") = "Hyprx.Colors.Primitives.Tests", "Colors.Primitives\test\Hyprx.Colors.Primitives.Tests.csproj", "{89339CB5-4EAD-4829-947E-F68B73457623}"
EndProject
Project("{2150E333-8FDC-42A3-9474-1A3956D46DE8}") = "Ansi", "Ansi", "{F35E57D2-F340-7EB1-4799-657684F5EB55}"
EndProject
Project("{2150E333-8FDC-42A3-9474-1A3956D46DE8}") = "src", "src", "{CAA9075C-E5DE-23E9-A4B0-8B58AFBE2ACA}"
EndProject
Project("{FAE04EC0-301F-11D3-BF4B-00C04F79EFBC}") = "Hyprx.Ansi", "Ansi\src\Hyprx.Ansi.csproj", "{AD5E62C8-8824-4246-A145-0FB69FAA5014}"
EndProject
Project("{FAE04EC0-301F-11D3-BF4B-00C04F79EFBC}") = "Hyprx.Ansi.Tests", "Ansi\test\Hyprx.Ansi.Tests.csproj", "{CF0867A3-BB30-4BE3-9529-4E8D25316A88}"
EndProject
Global
	GlobalSection(SolutionConfigurationPlatforms) = preSolution
		Debug|Any CPU = Debug|Any CPU
		Debug|x64 = Debug|x64
		Debug|x86 = Debug|x86
		Release|Any CPU = Release|Any CPU
		Release|x64 = Release|x64
		Release|x86 = Release|x86
	EndGlobalSection
	GlobalSection(ProjectConfigurationPlatforms) = postSolution
		{04ED244A-E41D-46EF-AD97-DFB4092A05A5}.Debug|Any CPU.ActiveCfg = Debug|Any CPU
		{04ED244A-E41D-46EF-AD97-DFB4092A05A5}.Debug|Any CPU.Build.0 = Debug|Any CPU
		{04ED244A-E41D-46EF-AD97-DFB4092A05A5}.Debug|x64.ActiveCfg = Debug|Any CPU
		{04ED244A-E41D-46EF-AD97-DFB4092A05A5}.Debug|x64.Build.0 = Debug|Any CPU
		{04ED244A-E41D-46EF-AD97-DFB4092A05A5}.Debug|x86.ActiveCfg = Debug|Any CPU
		{04ED244A-E41D-46EF-AD97-DFB4092A05A5}.Debug|x86.Build.0 = Debug|Any CPU
		{04ED244A-E41D-46EF-AD97-DFB4092A05A5}.Release|Any CPU.ActiveCfg = Release|Any CPU
		{04ED244A-E41D-46EF-AD97-DFB4092A05A5}.Release|Any CPU.Build.0 = Release|Any CPU
		{04ED244A-E41D-46EF-AD97-DFB4092A05A5}.Release|x64.ActiveCfg = Release|Any CPU
		{04ED244A-E41D-46EF-AD97-DFB4092A05A5}.Release|x64.Build.0 = Release|Any CPU
		{04ED244A-E41D-46EF-AD97-DFB4092A05A5}.Release|x86.ActiveCfg = Release|Any CPU
		{04ED244A-E41D-46EF-AD97-DFB4092A05A5}.Release|x86.Build.0 = Release|Any CPU
		{F8AAC420-0520-4A55-B0E4-DF1B5B380E00}.Debug|Any CPU.ActiveCfg = Debug|Any CPU
		{F8AAC420-0520-4A55-B0E4-DF1B5B380E00}.Debug|Any CPU.Build.0 = Debug|Any CPU
		{F8AAC420-0520-4A55-B0E4-DF1B5B380E00}.Debug|x64.ActiveCfg = Debug|Any CPU
		{F8AAC420-0520-4A55-B0E4-DF1B5B380E00}.Debug|x64.Build.0 = Debug|Any CPU
		{F8AAC420-0520-4A55-B0E4-DF1B5B380E00}.Debug|x86.ActiveCfg = Debug|Any CPU
		{F8AAC420-0520-4A55-B0E4-DF1B5B380E00}.Debug|x86.Build.0 = Debug|Any CPU
		{F8AAC420-0520-4A55-B0E4-DF1B5B380E00}.Release|Any CPU.ActiveCfg = Release|Any CPU
		{F8AAC420-0520-4A55-B0E4-DF1B5B380E00}.Release|Any CPU.Build.0 = Release|Any CPU
		{F8AAC420-0520-4A55-B0E4-DF1B5B380E00}.Release|x64.ActiveCfg = Release|Any CPU
		{F8AAC420-0520-4A55-B0E4-DF1B5B380E00}.Release|x64.Build.0 = Release|Any CPU
		{F8AAC420-0520-4A55-B0E4-DF1B5B380E00}.Release|x86.ActiveCfg = Release|Any CPU
		{F8AAC420-0520-4A55-B0E4-DF1B5B380E00}.Release|x86.Build.0 = Release|Any CPU
		{BC0C7E38-F74F-445E-8267-A6D5AA08CF53}.Debug|Any CPU.ActiveCfg = Debug|Any CPU
		{BC0C7E38-F74F-445E-8267-A6D5AA08CF53}.Debug|Any CPU.Build.0 = Debug|Any CPU
		{BC0C7E38-F74F-445E-8267-A6D5AA08CF53}.Debug|x64.ActiveCfg = Debug|Any CPU
		{BC0C7E38-F74F-445E-8267-A6D5AA08CF53}.Debug|x64.Build.0 = Debug|Any CPU
		{BC0C7E38-F74F-445E-8267-A6D5AA08CF53}.Debug|x86.ActiveCfg = Debug|Any CPU
		{BC0C7E38-F74F-445E-8267-A6D5AA08CF53}.Debug|x86.Build.0 = Debug|Any CPU
		{BC0C7E38-F74F-445E-8267-A6D5AA08CF53}.Release|Any CPU.ActiveCfg = Release|Any CPU
		{BC0C7E38-F74F-445E-8267-A6D5AA08CF53}.Release|Any CPU.Build.0 = Release|Any CPU
		{BC0C7E38-F74F-445E-8267-A6D5AA08CF53}.Release|x64.ActiveCfg = Release|Any CPU
		{BC0C7E38-F74F-445E-8267-A6D5AA08CF53}.Release|x64.Build.0 = Release|Any CPU
		{BC0C7E38-F74F-445E-8267-A6D5AA08CF53}.Release|x86.ActiveCfg = Release|Any CPU
		{BC0C7E38-F74F-445E-8267-A6D5AA08CF53}.Release|x86.Build.0 = Release|Any CPU
		{23F8D3DD-870D-43DF-B577-3EF0DF5E2B62}.Debug|Any CPU.ActiveCfg = Debug|Any CPU
		{23F8D3DD-870D-43DF-B577-3EF0DF5E2B62}.Debug|Any CPU.Build.0 = Debug|Any CPU
		{23F8D3DD-870D-43DF-B577-3EF0DF5E2B62}.Debug|x64.ActiveCfg = Debug|Any CPU
		{23F8D3DD-870D-43DF-B577-3EF0DF5E2B62}.Debug|x64.Build.0 = Debug|Any CPU
		{23F8D3DD-870D-43DF-B577-3EF0DF5E2B62}.Debug|x86.ActiveCfg = Debug|Any CPU
		{23F8D3DD-870D-43DF-B577-3EF0DF5E2B62}.Debug|x86.Build.0 = Debug|Any CPU
		{23F8D3DD-870D-43DF-B577-3EF0DF5E2B62}.Release|Any CPU.ActiveCfg = Release|Any CPU
		{23F8D3DD-870D-43DF-B577-3EF0DF5E2B62}.Release|Any CPU.Build.0 = Release|Any CPU
		{23F8D3DD-870D-43DF-B577-3EF0DF5E2B62}.Release|x64.ActiveCfg = Release|Any CPU
		{23F8D3DD-870D-43DF-B577-3EF0DF5E2B62}.Release|x64.Build.0 = Release|Any CPU
		{23F8D3DD-870D-43DF-B577-3EF0DF5E2B62}.Release|x86.ActiveCfg = Release|Any CPU
		{23F8D3DD-870D-43DF-B577-3EF0DF5E2B62}.Release|x86.Build.0 = Release|Any CPU
		{691619C5-E1BD-4AE5-9D73-7CAC20EDEC78}.Debug|Any CPU.ActiveCfg = Debug|Any CPU
		{691619C5-E1BD-4AE5-9D73-7CAC20EDEC78}.Debug|Any CPU.Build.0 = Debug|Any CPU
		{691619C5-E1BD-4AE5-9D73-7CAC20EDEC78}.Debug|x64.ActiveCfg = Debug|Any CPU
		{691619C5-E1BD-4AE5-9D73-7CAC20EDEC78}.Debug|x64.Build.0 = Debug|Any CPU
		{691619C5-E1BD-4AE5-9D73-7CAC20EDEC78}.Debug|x86.ActiveCfg = Debug|Any CPU
		{691619C5-E1BD-4AE5-9D73-7CAC20EDEC78}.Debug|x86.Build.0 = Debug|Any CPU
		{691619C5-E1BD-4AE5-9D73-7CAC20EDEC78}.Release|Any CPU.ActiveCfg = Release|Any CPU
		{691619C5-E1BD-4AE5-9D73-7CAC20EDEC78}.Release|Any CPU.Build.0 = Release|Any CPU
		{691619C5-E1BD-4AE5-9D73-7CAC20EDEC78}.Release|x64.ActiveCfg = Release|Any CPU
		{691619C5-E1BD-4AE5-9D73-7CAC20EDEC78}.Release|x64.Build.0 = Release|Any CPU
		{691619C5-E1BD-4AE5-9D73-7CAC20EDEC78}.Release|x86.ActiveCfg = Release|Any CPU
		{691619C5-E1BD-4AE5-9D73-7CAC20EDEC78}.Release|x86.Build.0 = Release|Any CPU
		{89339CB5-4EAD-4829-947E-F68B73457623}.Debug|Any CPU.ActiveCfg = Debug|Any CPU
		{89339CB5-4EAD-4829-947E-F68B73457623}.Debug|Any CPU.Build.0 = Debug|Any CPU
		{89339CB5-4EAD-4829-947E-F68B73457623}.Debug|x64.ActiveCfg = Debug|Any CPU
		{89339CB5-4EAD-4829-947E-F68B73457623}.Debug|x64.Build.0 = Debug|Any CPU
		{89339CB5-4EAD-4829-947E-F68B73457623}.Debug|x86.ActiveCfg = Debug|Any CPU
		{89339CB5-4EAD-4829-947E-F68B73457623}.Debug|x86.Build.0 = Debug|Any CPU
		{89339CB5-4EAD-4829-947E-F68B73457623}.Release|Any CPU.ActiveCfg = Release|Any CPU
		{89339CB5-4EAD-4829-947E-F68B73457623}.Release|Any CPU.Build.0 = Release|Any CPU
		{89339CB5-4EAD-4829-947E-F68B73457623}.Release|x64.ActiveCfg = Release|Any CPU
		{89339CB5-4EAD-4829-947E-F68B73457623}.Release|x64.Build.0 = Release|Any CPU
		{89339CB5-4EAD-4829-947E-F68B73457623}.Release|x86.ActiveCfg = Release|Any CPU
		{89339CB5-4EAD-4829-947E-F68B73457623}.Release|x86.Build.0 = Release|Any CPU
		{AD5E62C8-8824-4246-A145-0FB69FAA5014}.Debug|Any CPU.ActiveCfg = Debug|Any CPU
		{AD5E62C8-8824-4246-A145-0FB69FAA5014}.Debug|Any CPU.Build.0 = Debug|Any CPU
		{AD5E62C8-8824-4246-A145-0FB69FAA5014}.Debug|x64.ActiveCfg = Debug|Any CPU
		{AD5E62C8-8824-4246-A145-0FB69FAA5014}.Debug|x64.Build.0 = Debug|Any CPU
		{AD5E62C8-8824-4246-A145-0FB69FAA5014}.Debug|x86.ActiveCfg = Debug|Any CPU
		{AD5E62C8-8824-4246-A145-0FB69FAA5014}.Debug|x86.Build.0 = Debug|Any CPU
		{AD5E62C8-8824-4246-A145-0FB69FAA5014}.Release|Any CPU.ActiveCfg = Release|Any CPU
		{AD5E62C8-8824-4246-A145-0FB69FAA5014}.Release|Any CPU.Build.0 = Release|Any CPU
		{AD5E62C8-8824-4246-A145-0FB69FAA5014}.Release|x64.ActiveCfg = Release|Any CPU
		{AD5E62C8-8824-4246-A145-0FB69FAA5014}.Release|x64.Build.0 = Release|Any CPU
		{AD5E62C8-8824-4246-A145-0FB69FAA5014}.Release|x86.ActiveCfg = Release|Any CPU
		{AD5E62C8-8824-4246-A145-0FB69FAA5014}.Release|x86.Build.0 = Release|Any CPU
		{CF0867A3-BB30-4BE3-9529-4E8D25316A88}.Debug|Any CPU.ActiveCfg = Debug|Any CPU
		{CF0867A3-BB30-4BE3-9529-4E8D25316A88}.Debug|Any CPU.Build.0 = Debug|Any CPU
		{CF0867A3-BB30-4BE3-9529-4E8D25316A88}.Debug|x64.ActiveCfg = Debug|Any CPU
		{CF0867A3-BB30-4BE3-9529-4E8D25316A88}.Debug|x64.Build.0 = Debug|Any CPU
		{CF0867A3-BB30-4BE3-9529-4E8D25316A88}.Debug|x86.ActiveCfg = Debug|Any CPU
		{CF0867A3-BB30-4BE3-9529-4E8D25316A88}.Debug|x86.Build.0 = Debug|Any CPU
		{CF0867A3-BB30-4BE3-9529-4E8D25316A88}.Release|Any CPU.ActiveCfg = Release|Any CPU
		{CF0867A3-BB30-4BE3-9529-4E8D25316A88}.Release|Any CPU.Build.0 = Release|Any CPU
		{CF0867A3-BB30-4BE3-9529-4E8D25316A88}.Release|x64.ActiveCfg = Release|Any CPU
		{CF0867A3-BB30-4BE3-9529-4E8D25316A88}.Release|x64.Build.0 = Release|Any CPU
		{CF0867A3-BB30-4BE3-9529-4E8D25316A88}.Release|x86.ActiveCfg = Release|Any CPU
		{CF0867A3-BB30-4BE3-9529-4E8D25316A88}.Release|x86.Build.0 = Release|Any CPU
	EndGlobalSection
	GlobalSection(SolutionProperties) = preSolution
		HideSolutionNode = FALSE
	EndGlobalSection
	GlobalSection(NestedProjects) = preSolution
		{580459B1-2454-B1D6-7C9B-FACCBBFF1222} = {FBF56CC3-7AE6-AD2D-3F14-7F97FD322CD6}
		{04ED244A-E41D-46EF-AD97-DFB4092A05A5} = {580459B1-2454-B1D6-7C9B-FACCBBFF1222}
		{F8AAC420-0520-4A55-B0E4-DF1B5B380E00} = {580459B1-2454-B1D6-7C9B-FACCBBFF1222}
		{AC2D89EB-DD23-B592-6767-98AD18873DEA} = {97EB579D-CD49-5AC6-AC90-F6D1C316749C}
		{BC0C7E38-F74F-445E-8267-A6D5AA08CF53} = {AC2D89EB-DD23-B592-6767-98AD18873DEA}
		{23F8D3DD-870D-43DF-B577-3EF0DF5E2B62} = {AC2D89EB-DD23-B592-6767-98AD18873DEA}
		{96FE8F44-D942-B9CF-C567-FC835066A5B1} = {E3443D5C-F8CD-24D3-6C6B-AC316B518D5F}
		{691619C5-E1BD-4AE5-9D73-7CAC20EDEC78} = {96FE8F44-D942-B9CF-C567-FC835066A5B1}
		{89339CB5-4EAD-4829-947E-F68B73457623} = {96FE8F44-D942-B9CF-C567-FC835066A5B1}
		{CAA9075C-E5DE-23E9-A4B0-8B58AFBE2ACA} = {F35E57D2-F340-7EB1-4799-657684F5EB55}
		{AD5E62C8-8824-4246-A145-0FB69FAA5014} = {CAA9075C-E5DE-23E9-A4B0-8B58AFBE2ACA}
		{CF0867A3-BB30-4BE3-9529-4E8D25316A88} = {CAA9075C-E5DE-23E9-A4B0-8B58AFBE2ACA}
	EndGlobalSection
EndGlobal
