
Microsoft Visual Studio Solution File, Format Version 12.00
# Visual Studio Version 17
VisualStudioVersion = 17.0.31903.59
MinimumVisualStudioVersion = 10.0.40219.1
Project("{2150E333-8FDC-42A3-9474-1A3956D46DE8}") = "Core", "Core", "{FBF56CC3-7AE6-AD2D-3F14-7F97FD322CD6}"
EndProject
Project("{2150E333-8FDC-42A3-9474-1A3956D46DE8}") = "src", "src", "{580459B1-2454-B1D6-7C9B-FACCBBFF1222}"
EndProject
Project("{FAE04EC0-301F-11D3-BF4B-00C04F79EFBC}") = "Hyprx.Core", "Core\src\Hyprx.Core.csproj", "{04ED244A-E41D-46EF-AD97-DFB4092A05A5}"
EndProject
Project("{FAE04EC0-301F-11D3-BF4B-00C04F79EFBC}") = "Hyprx.Core.Tests", "Core\test\Hyprx.Core.Tests.csproj", "{F8AAC420-0520-4A55-B0E4-DF1B5B380E00}"
EndProject
Project("{2150E333-8FDC-42A3-9474-1A3956D46DE8}") = "Exec", "Exec", "{97EB579D-CD49-5AC6-AC90-F6D1C316749C}"
EndProject
Project("{2150E333-8FDC-42A3-9474-1A3956D46DE8}") = "src", "src", "{AC2D89EB-DD23-B592-6767-98AD18873DEA}"
EndProject
Project("{FAE04EC0-301F-11D3-BF4B-00C04F79EFBC}") = "Hyprx.Exec", "Exec\src\Hyprx.Exec.csproj", "{BC0C7E38-F74F-445E-8267-A6D5AA08CF53}"
EndProject
Project("{FAE04EC0-301F-11D3-BF4B-00C04F79EFBC}") = "Hyprx.Exec.Tests", "Exec\test\Hyprx.Exec.Tests.csproj", "{23F8D3DD-870D-43DF-B577-3EF0DF5E2B62}"
EndProject
Project("{2150E333-8FDC-42A3-9474-1A3956D46DE8}") = "Colors.Primitives", "Colors.Primitives", "{E3443D5C-F8CD-24D3-6C6B-AC316B518D5F}"
EndProject
Project("{2150E333-8FDC-42A3-9474-1A3956D46DE8}") = "src", "src", "{96FE8F44-D942-B9CF-C567-FC835066A5B1}"
EndProject
Project("{FAE04EC0-301F-11D3-BF4B-00C04F79EFBC}") = "Hyprx.Colors.Primitives", "Colors.Primitives\src\Hyprx.Colors.Primitives.csproj", "{691619C5-E1BD-4AE5-9D73-7CAC20EDEC78}"
EndProject
Project("{FAE04EC0-301F-11D3-BF4B-00C04F79EFBC}") = "Hyprx.Colors.Primitives.Tests", "Colors.Primitives\test\Hyprx.Colors.Primitives.Tests.csproj", "{89339CB5-4EAD-4829-947E-F68B73457623}"
EndProject
Project("{2150E333-8FDC-42A3-9474-1A3956D46DE8}") = "Ansi", "Ansi", "{F35E57D2-F340-7EB1-4799-657684F5EB55}"
EndProject
Project("{2150E333-8FDC-42A3-9474-1A3956D46DE8}") = "src", "src", "{CAA9075C-E5DE-23E9-A4B0-8B58AFBE2ACA}"
EndProject
Project("{FAE04EC0-301F-11D3-BF4B-00C04F79EFBC}") = "Hyprx.Ansi", "Ansi\src\Hyprx.Ansi.csproj", "{AD5E62C8-8824-4246-A145-0FB69FAA5014}"
EndProject
Project("{FAE04EC0-301F-11D3-BF4B-00C04F79EFBC}") = "Hyprx.Ansi.Tests", "Ansi\test\Hyprx.Ansi.Tests.csproj", "{CF0867A3-BB30-4BE3-9529-4E8D25316A88}"
EndProject
Project("{2150E333-8FDC-42A3-9474-1A3956D46DE8}") = "Secrets", "Secrets", "{5CF311C2-5115-00DC-9C1F-DA02D91D74C4}"
EndProject
Project("{2150E333-8FDC-42A3-9474-1A3956D46DE8}") = "src", "src", "{748C6DE1-2217-ADAC-3349-FF799007D812}"
EndProject
Project("{FAE04EC0-301F-11D3-BF4B-00C04F79EFBC}") = "Hyprx.Secrets", "Secrets\src\Hyprx.Secrets.csproj", "{7959E082-1E2E-408D-9C00-437C957665B9}"
EndProject
Project("{FAE04EC0-301F-11D3-BF4B-00C04F79EFBC}") = "Hyprx.Secrets.Tests", "Secrets\test\Hyprx.Secrets.Tests.csproj", "{9AB4F7CC-F914-4D3A-8344-6FC60DB64868}"
EndProject
Project("{2150E333-8FDC-42A3-9474-1A3956D46DE8}") = "DotEnv", "DotEnv", "{64EC8977-881E-1732-A85A-0839FB3A94AC}"
EndProject
Project("{2150E333-8FDC-42A3-9474-1A3956D46DE8}") = "src", "src", "{C46280ED-A64A-F3EC-CAA2-5CD2DA9EBA29}"
EndProject
Project("{FAE04EC0-301F-11D3-BF4B-00C04F79EFBC}") = "Hyprx.DotEnv", "DotEnv\src\Hyprx.DotEnv.csproj", "{6037A1FD-1F26-4752-B0B3-2C111ACABF21}"
EndProject
Project("{FAE04EC0-301F-11D3-BF4B-00C04F79EFBC}") = "Hyprx.DotEnv.Tests", "DotEnv\test\Hyprx.DotEnv.Tests.csproj", "{65F4020B-7D05-4D0A-B889-28F834BD9677}"
EndProject
Project("{2150E333-8FDC-42A3-9474-1A3956D46DE8}") = "Secrets.OperatingSystem", "Secrets.OperatingSystem", "{A1C0BB3D-44F5-04ED-E2C0-66F223FC7319}"
EndProject
Project("{2150E333-8FDC-42A3-9474-1A3956D46DE8}") = "src", "src", "{40C44E80-7276-AD52-A821-BFC643F7E383}"
EndProject
Project("{FAE04EC0-301F-11D3-BF4B-00C04F79EFBC}") = "Hyprx.Secrets.OperatingSystem", "Secrets.OperatingSystem\src\Hyprx.Secrets.OperatingSystem.csproj", "{322138A0-29B3-411F-91D6-8BDDD76D4453}"
EndProject
Project("{FAE04EC0-301F-11D3-BF4B-00C04F79EFBC}") = "Hyprx.Secrets.OperatingSystem.Tests", "Secrets.OperatingSystem\test\Hyprx.Secrets.OperatingSystem.Tests.csproj", "{6E1CE1DF-CEF9-4480-9692-79CB03150428}"
EndProject
Project("{2150E333-8FDC-42A3-9474-1A3956D46DE8}") = "Crypto", "Crypto", "{0A94FD27-2B9E-3A90-3691-A1678CBB98FA}"
EndProject
Project("{2150E333-8FDC-42A3-9474-1A3956D46DE8}") = "src", "src", "{85166930-86CB-A0F3-FAE6-26191F73A573}"
EndProject
Project("{FAE04EC0-301F-11D3-BF4B-00C04F79EFBC}") = "Hyprx.Crypto", "Crypto\src\Hyprx.Crypto.csproj", "{EF51C878-54A9-41C5-9058-E0A4439D2028}"
EndProject
Project("{FAE04EC0-301F-11D3-BF4B-00C04F79EFBC}") = "Hyprx.Crypto.Tests", "Crypto\test\Hyprx.Crypto.Tests.csproj", "{6646C0B9-6831-4621-9B3D-E525FC224BEC}"
EndProject
Project("{2150E333-8FDC-42A3-9474-1A3956D46DE8}") = "Crypto.X509", "Crypto.X509", "{2AF6EC68-C70A-04D0-ACAA-4CB62C3BCFF6}"
EndProject
Project("{2150E333-8FDC-42A3-9474-1A3956D46DE8}") = "src", "src", "{54D24143-3919-10F3-BE5D-10E3E102E24F}"
EndProject
Project("{FAE04EC0-301F-11D3-BF4B-00C04F79EFBC}") = "Hyprx.Crypto.X509", "Crypto.X509\src\Hyprx.Crypto.X509.csproj", "{4BE589DE-6DC3-4DA5-B3A1-4FEA4D01AB17}"
EndProject
Project("{FAE04EC0-301F-11D3-BF4B-00C04F79EFBC}") = "Hyprx.Crypto.X509.Tests", "Crypto.X509\test\Hyprx.Crypto.X509.Tests.csproj", "{983F828A-E09B-43A3-A26B-F86A00BCD019}"
EndProject
Project("{2150E333-8FDC-42A3-9474-1A3956D46DE8}") = "Shell", "Shell", "{9B47211B-022C-6977-8F60-2E3F1E2B3044}"
EndProject
Project("{2150E333-8FDC-42A3-9474-1A3956D46DE8}") = "src", "src", "{D3503523-1B58-8061-BD0D-827CD7D5BFF6}"
EndProject
Project("{FAE04EC0-301F-11D3-BF4B-00C04F79EFBC}") = "Hyprx.Shell", "Shell\src\Hyprx.Shell.csproj", "{495FF33E-D00C-49A3-8C73-063CEFEB2919}"
EndProject
Project("{FAE04EC0-301F-11D3-BF4B-00C04F79EFBC}") = "Hyprx.Shell.Tests", "Shell\test\Hyprx.Shell.Tests.csproj", "{61F350A6-EFAB-4DBD-AA79-A2052414A013}"
EndProject
Project("{2150E333-8FDC-42A3-9474-1A3956D46DE8}") = "Lodi", "Lodi", "{0CDAD736-5680-860F-1AF4-55DAC0CD6A67}"
EndProject
Project("{2150E333-8FDC-42A3-9474-1A3956D46DE8}") = "src", "src", "{994D4ED7-542B-1ECF-8EBE-FD0411DB5600}"
EndProject
Project("{FAE04EC0-301F-11D3-BF4B-00C04F79EFBC}") = "Hyprx.Lodi", "Lodi\src\Hyprx.Lodi.csproj", "{1104CD1A-F492-44D6-9036-C6D189E37667}"
EndProject
Project("{FAE04EC0-301F-11D3-BF4B-00C04F79EFBC}") = "Hyprx.Lodi.Tests", "Lodi\test\Hyprx.Lodi.Tests.csproj", "{43FFAD60-7A28-4461-A1CC-2377E97847E0}"
EndProject
Global
	GlobalSection(SolutionConfigurationPlatforms) = preSolution
		Debug|Any CPU = Debug|Any CPU
		Debug|x64 = Debug|x64
		Debug|x86 = Debug|x86
		Release|Any CPU = Release|Any CPU
		Release|x64 = Release|x64
		Release|x86 = Release|x86
	EndGlobalSection
	GlobalSection(ProjectConfigurationPlatforms) = postSolution
		{04ED244A-E41D-46EF-AD97-DFB4092A05A5}.Debug|Any CPU.ActiveCfg = Debug|Any CPU
		{04ED244A-E41D-46EF-AD97-DFB4092A05A5}.Debug|Any CPU.Build.0 = Debug|Any CPU
		{04ED244A-E41D-46EF-AD97-DFB4092A05A5}.Debug|x64.ActiveCfg = Debug|Any CPU
		{04ED244A-E41D-46EF-AD97-DFB4092A05A5}.Debug|x64.Build.0 = Debug|Any CPU
		{04ED244A-E41D-46EF-AD97-DFB4092A05A5}.Debug|x86.ActiveCfg = Debug|Any CPU
		{04ED244A-E41D-46EF-AD97-DFB4092A05A5}.Debug|x86.Build.0 = Debug|Any CPU
		{04ED244A-E41D-46EF-AD97-DFB4092A05A5}.Release|Any CPU.ActiveCfg = Release|Any CPU
		{04ED244A-E41D-46EF-AD97-DFB4092A05A5}.Release|Any CPU.Build.0 = Release|Any CPU
		{04ED244A-E41D-46EF-AD97-DFB4092A05A5}.Release|x64.ActiveCfg = Release|Any CPU
		{04ED244A-E41D-46EF-AD97-DFB4092A05A5}.Release|x64.Build.0 = Release|Any CPU
		{04ED244A-E41D-46EF-AD97-DFB4092A05A5}.Release|x86.ActiveCfg = Release|Any CPU
		{04ED244A-E41D-46EF-AD97-DFB4092A05A5}.Release|x86.Build.0 = Release|Any CPU
		{F8AAC420-0520-4A55-B0E4-DF1B5B380E00}.Debug|Any CPU.ActiveCfg = Debug|Any CPU
		{F8AAC420-0520-4A55-B0E4-DF1B5B380E00}.Debug|Any CPU.Build.0 = Debug|Any CPU
		{F8AAC420-0520-4A55-B0E4-DF1B5B380E00}.Debug|x64.ActiveCfg = Debug|Any CPU
		{F8AAC420-0520-4A55-B0E4-DF1B5B380E00}.Debug|x64.Build.0 = Debug|Any CPU
		{F8AAC420-0520-4A55-B0E4-DF1B5B380E00}.Debug|x86.ActiveCfg = Debug|Any CPU
		{F8AAC420-0520-4A55-B0E4-DF1B5B380E00}.Debug|x86.Build.0 = Debug|Any CPU
		{F8AAC420-0520-4A55-B0E4-DF1B5B380E00}.Release|Any CPU.ActiveCfg = Release|Any CPU
		{F8AAC420-0520-4A55-B0E4-DF1B5B380E00}.Release|Any CPU.Build.0 = Release|Any CPU
		{F8AAC420-0520-4A55-B0E4-DF1B5B380E00}.Release|x64.ActiveCfg = Release|Any CPU
		{F8AAC420-0520-4A55-B0E4-DF1B5B380E00}.Release|x64.Build.0 = Release|Any CPU
		{F8AAC420-0520-4A55-B0E4-DF1B5B380E00}.Release|x86.ActiveCfg = Release|Any CPU
		{F8AAC420-0520-4A55-B0E4-DF1B5B380E00}.Release|x86.Build.0 = Release|Any CPU
		{BC0C7E38-F74F-445E-8267-A6D5AA08CF53}.Debug|Any CPU.ActiveCfg = Debug|Any CPU
		{BC0C7E38-F74F-445E-8267-A6D5AA08CF53}.Debug|Any CPU.Build.0 = Debug|Any CPU
		{BC0C7E38-F74F-445E-8267-A6D5AA08CF53}.Debug|x64.ActiveCfg = Debug|Any CPU
		{BC0C7E38-F74F-445E-8267-A6D5AA08CF53}.Debug|x64.Build.0 = Debug|Any CPU
		{BC0C7E38-F74F-445E-8267-A6D5AA08CF53}.Debug|x86.ActiveCfg = Debug|Any CPU
		{BC0C7E38-F74F-445E-8267-A6D5AA08CF53}.Debug|x86.Build.0 = Debug|Any CPU
		{BC0C7E38-F74F-445E-8267-A6D5AA08CF53}.Release|Any CPU.ActiveCfg = Release|Any CPU
		{BC0C7E38-F74F-445E-8267-A6D5AA08CF53}.Release|Any CPU.Build.0 = Release|Any CPU
		{BC0C7E38-F74F-445E-8267-A6D5AA08CF53}.Release|x64.ActiveCfg = Release|Any CPU
		{BC0C7E38-F74F-445E-8267-A6D5AA08CF53}.Release|x64.Build.0 = Release|Any CPU
		{BC0C7E38-F74F-445E-8267-A6D5AA08CF53}.Release|x86.ActiveCfg = Release|Any CPU
		{BC0C7E38-F74F-445E-8267-A6D5AA08CF53}.Release|x86.Build.0 = Release|Any CPU
		{23F8D3DD-870D-43DF-B577-3EF0DF5E2B62}.Debug|Any CPU.ActiveCfg = Debug|Any CPU
		{23F8D3DD-870D-43DF-B577-3EF0DF5E2B62}.Debug|Any CPU.Build.0 = Debug|Any CPU
		{23F8D3DD-870D-43DF-B577-3EF0DF5E2B62}.Debug|x64.ActiveCfg = Debug|Any CPU
		{23F8D3DD-870D-43DF-B577-3EF0DF5E2B62}.Debug|x64.Build.0 = Debug|Any CPU
		{23F8D3DD-870D-43DF-B577-3EF0DF5E2B62}.Debug|x86.ActiveCfg = Debug|Any CPU
		{23F8D3DD-870D-43DF-B577-3EF0DF5E2B62}.Debug|x86.Build.0 = Debug|Any CPU
		{23F8D3DD-870D-43DF-B577-3EF0DF5E2B62}.Release|Any CPU.ActiveCfg = Release|Any CPU
		{23F8D3DD-870D-43DF-B577-3EF0DF5E2B62}.Release|Any CPU.Build.0 = Release|Any CPU
		{23F8D3DD-870D-43DF-B577-3EF0DF5E2B62}.Release|x64.ActiveCfg = Release|Any CPU
		{23F8D3DD-870D-43DF-B577-3EF0DF5E2B62}.Release|x64.Build.0 = Release|Any CPU
		{23F8D3DD-870D-43DF-B577-3EF0DF5E2B62}.Release|x86.ActiveCfg = Release|Any CPU
		{23F8D3DD-870D-43DF-B577-3EF0DF5E2B62}.Release|x86.Build.0 = Release|Any CPU
		{691619C5-E1BD-4AE5-9D73-7CAC20EDEC78}.Debug|Any CPU.ActiveCfg = Debug|Any CPU
		{691619C5-E1BD-4AE5-9D73-7CAC20EDEC78}.Debug|Any CPU.Build.0 = Debug|Any CPU
		{691619C5-E1BD-4AE5-9D73-7CAC20EDEC78}.Debug|x64.ActiveCfg = Debug|Any CPU
		{691619C5-E1BD-4AE5-9D73-7CAC20EDEC78}.Debug|x64.Build.0 = Debug|Any CPU
		{691619C5-E1BD-4AE5-9D73-7CAC20EDEC78}.Debug|x86.ActiveCfg = Debug|Any CPU
		{691619C5-E1BD-4AE5-9D73-7CAC20EDEC78}.Debug|x86.Build.0 = Debug|Any CPU
		{691619C5-E1BD-4AE5-9D73-7CAC20EDEC78}.Release|Any CPU.ActiveCfg = Release|Any CPU
		{691619C5-E1BD-4AE5-9D73-7CAC20EDEC78}.Release|Any CPU.Build.0 = Release|Any CPU
		{691619C5-E1BD-4AE5-9D73-7CAC20EDEC78}.Release|x64.ActiveCfg = Release|Any CPU
		{691619C5-E1BD-4AE5-9D73-7CAC20EDEC78}.Release|x64.Build.0 = Release|Any CPU
		{691619C5-E1BD-4AE5-9D73-7CAC20EDEC78}.Release|x86.ActiveCfg = Release|Any CPU
		{691619C5-E1BD-4AE5-9D73-7CAC20EDEC78}.Release|x86.Build.0 = Release|Any CPU
		{89339CB5-4EAD-4829-947E-F68B73457623}.Debug|Any CPU.ActiveCfg = Debug|Any CPU
		{89339CB5-4EAD-4829-947E-F68B73457623}.Debug|Any CPU.Build.0 = Debug|Any CPU
		{89339CB5-4EAD-4829-947E-F68B73457623}.Debug|x64.ActiveCfg = Debug|Any CPU
		{89339CB5-4EAD-4829-947E-F68B73457623}.Debug|x64.Build.0 = Debug|Any CPU
		{89339CB5-4EAD-4829-947E-F68B73457623}.Debug|x86.ActiveCfg = Debug|Any CPU
		{89339CB5-4EAD-4829-947E-F68B73457623}.Debug|x86.Build.0 = Debug|Any CPU
		{89339CB5-4EAD-4829-947E-F68B73457623}.Release|Any CPU.ActiveCfg = Release|Any CPU
		{89339CB5-4EAD-4829-947E-F68B73457623}.Release|Any CPU.Build.0 = Release|Any CPU
		{89339CB5-4EAD-4829-947E-F68B73457623}.Release|x64.ActiveCfg = Release|Any CPU
		{89339CB5-4EAD-4829-947E-F68B73457623}.Release|x64.Build.0 = Release|Any CPU
		{89339CB5-4EAD-4829-947E-F68B73457623}.Release|x86.ActiveCfg = Release|Any CPU
		{89339CB5-4EAD-4829-947E-F68B73457623}.Release|x86.Build.0 = Release|Any CPU
		{AD5E62C8-8824-4246-A145-0FB69FAA5014}.Debug|Any CPU.ActiveCfg = Debug|Any CPU
		{AD5E62C8-8824-4246-A145-0FB69FAA5014}.Debug|Any CPU.Build.0 = Debug|Any CPU
		{AD5E62C8-8824-4246-A145-0FB69FAA5014}.Debug|x64.ActiveCfg = Debug|Any CPU
		{AD5E62C8-8824-4246-A145-0FB69FAA5014}.Debug|x64.Build.0 = Debug|Any CPU
		{AD5E62C8-8824-4246-A145-0FB69FAA5014}.Debug|x86.ActiveCfg = Debug|Any CPU
		{AD5E62C8-8824-4246-A145-0FB69FAA5014}.Debug|x86.Build.0 = Debug|Any CPU
		{AD5E62C8-8824-4246-A145-0FB69FAA5014}.Release|Any CPU.ActiveCfg = Release|Any CPU
		{AD5E62C8-8824-4246-A145-0FB69FAA5014}.Release|Any CPU.Build.0 = Release|Any CPU
		{AD5E62C8-8824-4246-A145-0FB69FAA5014}.Release|x64.ActiveCfg = Release|Any CPU
		{AD5E62C8-8824-4246-A145-0FB69FAA5014}.Release|x64.Build.0 = Release|Any CPU
		{AD5E62C8-8824-4246-A145-0FB69FAA5014}.Release|x86.ActiveCfg = Release|Any CPU
		{AD5E62C8-8824-4246-A145-0FB69FAA5014}.Release|x86.Build.0 = Release|Any CPU
		{CF0867A3-BB30-4BE3-9529-4E8D25316A88}.Debug|Any CPU.ActiveCfg = Debug|Any CPU
		{CF0867A3-BB30-4BE3-9529-4E8D25316A88}.Debug|Any CPU.Build.0 = Debug|Any CPU
		{CF0867A3-BB30-4BE3-9529-4E8D25316A88}.Debug|x64.ActiveCfg = Debug|Any CPU
		{CF0867A3-BB30-4BE3-9529-4E8D25316A88}.Debug|x64.Build.0 = Debug|Any CPU
		{CF0867A3-BB30-4BE3-9529-4E8D25316A88}.Debug|x86.ActiveCfg = Debug|Any CPU
		{CF0867A3-BB30-4BE3-9529-4E8D25316A88}.Debug|x86.Build.0 = Debug|Any CPU
		{CF0867A3-BB30-4BE3-9529-4E8D25316A88}.Release|Any CPU.ActiveCfg = Release|Any CPU
		{CF0867A3-BB30-4BE3-9529-4E8D25316A88}.Release|Any CPU.Build.0 = Release|Any CPU
		{CF0867A3-BB30-4BE3-9529-4E8D25316A88}.Release|x64.ActiveCfg = Release|Any CPU
		{CF0867A3-BB30-4BE3-9529-4E8D25316A88}.Release|x64.Build.0 = Release|Any CPU
		{CF0867A3-BB30-4BE3-9529-4E8D25316A88}.Release|x86.ActiveCfg = Release|Any CPU
		{CF0867A3-BB30-4BE3-9529-4E8D25316A88}.Release|x86.Build.0 = Release|Any CPU
		{7959E082-1E2E-408D-9C00-437C957665B9}.Debug|Any CPU.ActiveCfg = Debug|Any CPU
		{7959E082-1E2E-408D-9C00-437C957665B9}.Debug|Any CPU.Build.0 = Debug|Any CPU
		{7959E082-1E2E-408D-9C00-437C957665B9}.Debug|x64.ActiveCfg = Debug|Any CPU
		{7959E082-1E2E-408D-9C00-437C957665B9}.Debug|x64.Build.0 = Debug|Any CPU
		{7959E082-1E2E-408D-9C00-437C957665B9}.Debug|x86.ActiveCfg = Debug|Any CPU
		{7959E082-1E2E-408D-9C00-437C957665B9}.Debug|x86.Build.0 = Debug|Any CPU
		{7959E082-1E2E-408D-9C00-437C957665B9}.Release|Any CPU.ActiveCfg = Release|Any CPU
		{7959E082-1E2E-408D-9C00-437C957665B9}.Release|Any CPU.Build.0 = Release|Any CPU
		{7959E082-1E2E-408D-9C00-437C957665B9}.Release|x64.ActiveCfg = Release|Any CPU
		{7959E082-1E2E-408D-9C00-437C957665B9}.Release|x64.Build.0 = Release|Any CPU
		{7959E082-1E2E-408D-9C00-437C957665B9}.Release|x86.ActiveCfg = Release|Any CPU
		{7959E082-1E2E-408D-9C00-437C957665B9}.Release|x86.Build.0 = Release|Any CPU
		{9AB4F7CC-F914-4D3A-8344-6FC60DB64868}.Debug|Any CPU.ActiveCfg = Debug|Any CPU
		{9AB4F7CC-F914-4D3A-8344-6FC60DB64868}.Debug|Any CPU.Build.0 = Debug|Any CPU
		{9AB4F7CC-F914-4D3A-8344-6FC60DB64868}.Debug|x64.ActiveCfg = Debug|Any CPU
		{9AB4F7CC-F914-4D3A-8344-6FC60DB64868}.Debug|x64.Build.0 = Debug|Any CPU
		{9AB4F7CC-F914-4D3A-8344-6FC60DB64868}.Debug|x86.ActiveCfg = Debug|Any CPU
		{9AB4F7CC-F914-4D3A-8344-6FC60DB64868}.Debug|x86.Build.0 = Debug|Any CPU
		{9AB4F7CC-F914-4D3A-8344-6FC60DB64868}.Release|Any CPU.ActiveCfg = Release|Any CPU
		{9AB4F7CC-F914-4D3A-8344-6FC60DB64868}.Release|Any CPU.Build.0 = Release|Any CPU
		{9AB4F7CC-F914-4D3A-8344-6FC60DB64868}.Release|x64.ActiveCfg = Release|Any CPU
		{9AB4F7CC-F914-4D3A-8344-6FC60DB64868}.Release|x64.Build.0 = Release|Any CPU
		{9AB4F7CC-F914-4D3A-8344-6FC60DB64868}.Release|x86.ActiveCfg = Release|Any CPU
		{9AB4F7CC-F914-4D3A-8344-6FC60DB64868}.Release|x86.Build.0 = Release|Any CPU
		{6037A1FD-1F26-4752-B0B3-2C111ACABF21}.Debug|Any CPU.ActiveCfg = Debug|Any CPU
		{6037A1FD-1F26-4752-B0B3-2C111ACABF21}.Debug|Any CPU.Build.0 = Debug|Any CPU
		{6037A1FD-1F26-4752-B0B3-2C111ACABF21}.Debug|x64.ActiveCfg = Debug|Any CPU
		{6037A1FD-1F26-4752-B0B3-2C111ACABF21}.Debug|x64.Build.0 = Debug|Any CPU
		{6037A1FD-1F26-4752-B0B3-2C111ACABF21}.Debug|x86.ActiveCfg = Debug|Any CPU
		{6037A1FD-1F26-4752-B0B3-2C111ACABF21}.Debug|x86.Build.0 = Debug|Any CPU
		{6037A1FD-1F26-4752-B0B3-2C111ACABF21}.Release|Any CPU.ActiveCfg = Release|Any CPU
		{6037A1FD-1F26-4752-B0B3-2C111ACABF21}.Release|Any CPU.Build.0 = Release|Any CPU
		{6037A1FD-1F26-4752-B0B3-2C111ACABF21}.Release|x64.ActiveCfg = Release|Any CPU
		{6037A1FD-1F26-4752-B0B3-2C111ACABF21}.Release|x64.Build.0 = Release|Any CPU
		{6037A1FD-1F26-4752-B0B3-2C111ACABF21}.Release|x86.ActiveCfg = Release|Any CPU
		{6037A1FD-1F26-4752-B0B3-2C111ACABF21}.Release|x86.Build.0 = Release|Any CPU
		{65F4020B-7D05-4D0A-B889-28F834BD9677}.Debug|Any CPU.ActiveCfg = Debug|Any CPU
		{65F4020B-7D05-4D0A-B889-28F834BD9677}.Debug|Any CPU.Build.0 = Debug|Any CPU
		{65F4020B-7D05-4D0A-B889-28F834BD9677}.Debug|x64.ActiveCfg = Debug|Any CPU
		{65F4020B-7D05-4D0A-B889-28F834BD9677}.Debug|x64.Build.0 = Debug|Any CPU
		{65F4020B-7D05-4D0A-B889-28F834BD9677}.Debug|x86.ActiveCfg = Debug|Any CPU
		{65F4020B-7D05-4D0A-B889-28F834BD9677}.Debug|x86.Build.0 = Debug|Any CPU
		{65F4020B-7D05-4D0A-B889-28F834BD9677}.Release|Any CPU.ActiveCfg = Release|Any CPU
		{65F4020B-7D05-4D0A-B889-28F834BD9677}.Release|Any CPU.Build.0 = Release|Any CPU
		{65F4020B-7D05-4D0A-B889-28F834BD9677}.Release|x64.ActiveCfg = Release|Any CPU
		{65F4020B-7D05-4D0A-B889-28F834BD9677}.Release|x64.Build.0 = Release|Any CPU
		{65F4020B-7D05-4D0A-B889-28F834BD9677}.Release|x86.ActiveCfg = Release|Any CPU
		{65F4020B-7D05-4D0A-B889-28F834BD9677}.Release|x86.Build.0 = Release|Any CPU
		{322138A0-29B3-411F-91D6-8BDDD76D4453}.Debug|Any CPU.ActiveCfg = Debug|Any CPU
		{322138A0-29B3-411F-91D6-8BDDD76D4453}.Debug|Any CPU.Build.0 = Debug|Any CPU
		{322138A0-29B3-411F-91D6-8BDDD76D4453}.Debug|x64.ActiveCfg = Debug|Any CPU
		{322138A0-29B3-411F-91D6-8BDDD76D4453}.Debug|x64.Build.0 = Debug|Any CPU
		{322138A0-29B3-411F-91D6-8BDDD76D4453}.Debug|x86.ActiveCfg = Debug|Any CPU
		{322138A0-29B3-411F-91D6-8BDDD76D4453}.Debug|x86.Build.0 = Debug|Any CPU
		{322138A0-29B3-411F-91D6-8BDDD76D4453}.Release|Any CPU.ActiveCfg = Release|Any CPU
		{322138A0-29B3-411F-91D6-8BDDD76D4453}.Release|Any CPU.Build.0 = Release|Any CPU
		{322138A0-29B3-411F-91D6-8BDDD76D4453}.Release|x64.ActiveCfg = Release|Any CPU
		{322138A0-29B3-411F-91D6-8BDDD76D4453}.Release|x64.Build.0 = Release|Any CPU
		{322138A0-29B3-411F-91D6-8BDDD76D4453}.Release|x86.ActiveCfg = Release|Any CPU
		{322138A0-29B3-411F-91D6-8BDDD76D4453}.Release|x86.Build.0 = Release|Any CPU
		{6E1CE1DF-CEF9-4480-9692-79CB03150428}.Debug|Any CPU.ActiveCfg = Debug|Any CPU
		{6E1CE1DF-CEF9-4480-9692-79CB03150428}.Debug|Any CPU.Build.0 = Debug|Any CPU
		{6E1CE1DF-CEF9-4480-9692-79CB03150428}.Debug|x64.ActiveCfg = Debug|Any CPU
		{6E1CE1DF-CEF9-4480-9692-79CB03150428}.Debug|x64.Build.0 = Debug|Any CPU
		{6E1CE1DF-CEF9-4480-9692-79CB03150428}.Debug|x86.ActiveCfg = Debug|Any CPU
		{6E1CE1DF-CEF9-4480-9692-79CB03150428}.Debug|x86.Build.0 = Debug|Any CPU
		{6E1CE1DF-CEF9-4480-9692-79CB03150428}.Release|Any CPU.ActiveCfg = Release|Any CPU
		{6E1CE1DF-CEF9-4480-9692-79CB03150428}.Release|Any CPU.Build.0 = Release|Any CPU
		{6E1CE1DF-CEF9-4480-9692-79CB03150428}.Release|x64.ActiveCfg = Release|Any CPU
		{6E1CE1DF-CEF9-4480-9692-79CB03150428}.Release|x64.Build.0 = Release|Any CPU
		{6E1CE1DF-CEF9-4480-9692-79CB03150428}.Release|x86.ActiveCfg = Release|Any CPU
		{6E1CE1DF-CEF9-4480-9692-79CB03150428}.Release|x86.Build.0 = Release|Any CPU
		{EF51C878-54A9-41C5-9058-E0A4439D2028}.Debug|Any CPU.ActiveCfg = Debug|Any CPU
		{EF51C878-54A9-41C5-9058-E0A4439D2028}.Debug|Any CPU.Build.0 = Debug|Any CPU
		{EF51C878-54A9-41C5-9058-E0A4439D2028}.Debug|x64.ActiveCfg = Debug|Any CPU
		{EF51C878-54A9-41C5-9058-E0A4439D2028}.Debug|x64.Build.0 = Debug|Any CPU
		{EF51C878-54A9-41C5-9058-E0A4439D2028}.Debug|x86.ActiveCfg = Debug|Any CPU
		{EF51C878-54A9-41C5-9058-E0A4439D2028}.Debug|x86.Build.0 = Debug|Any CPU
		{EF51C878-54A9-41C5-9058-E0A4439D2028}.Release|Any CPU.ActiveCfg = Release|Any CPU
		{EF51C878-54A9-41C5-9058-E0A4439D2028}.Release|Any CPU.Build.0 = Release|Any CPU
		{EF51C878-54A9-41C5-9058-E0A4439D2028}.Release|x64.ActiveCfg = Release|Any CPU
		{EF51C878-54A9-41C5-9058-E0A4439D2028}.Release|x64.Build.0 = Release|Any CPU
		{EF51C878-54A9-41C5-9058-E0A4439D2028}.Release|x86.ActiveCfg = Release|Any CPU
		{EF51C878-54A9-41C5-9058-E0A4439D2028}.Release|x86.Build.0 = Release|Any CPU
		{6646C0B9-6831-4621-9B3D-E525FC224BEC}.Debug|Any CPU.ActiveCfg = Debug|Any CPU
		{6646C0B9-6831-4621-9B3D-E525FC224BEC}.Debug|Any CPU.Build.0 = Debug|Any CPU
		{6646C0B9-6831-4621-9B3D-E525FC224BEC}.Debug|x64.ActiveCfg = Debug|Any CPU
		{6646C0B9-6831-4621-9B3D-E525FC224BEC}.Debug|x64.Build.0 = Debug|Any CPU
		{6646C0B9-6831-4621-9B3D-E525FC224BEC}.Debug|x86.ActiveCfg = Debug|Any CPU
		{6646C0B9-6831-4621-9B3D-E525FC224BEC}.Debug|x86.Build.0 = Debug|Any CPU
		{6646C0B9-6831-4621-9B3D-E525FC224BEC}.Release|Any CPU.ActiveCfg = Release|Any CPU
		{6646C0B9-6831-4621-9B3D-E525FC224BEC}.Release|Any CPU.Build.0 = Release|Any CPU
		{6646C0B9-6831-4621-9B3D-E525FC224BEC}.Release|x64.ActiveCfg = Release|Any CPU
		{6646C0B9-6831-4621-9B3D-E525FC224BEC}.Release|x64.Build.0 = Release|Any CPU
		{6646C0B9-6831-4621-9B3D-E525FC224BEC}.Release|x86.ActiveCfg = Release|Any CPU
		{6646C0B9-6831-4621-9B3D-E525FC224BEC}.Release|x86.Build.0 = Release|Any CPU
		{4BE589DE-6DC3-4DA5-B3A1-4FEA4D01AB17}.Debug|Any CPU.ActiveCfg = Debug|Any CPU
		{4BE589DE-6DC3-4DA5-B3A1-4FEA4D01AB17}.Debug|Any CPU.Build.0 = Debug|Any CPU
		{4BE589DE-6DC3-4DA5-B3A1-4FEA4D01AB17}.Debug|x64.ActiveCfg = Debug|Any CPU
		{4BE589DE-6DC3-4DA5-B3A1-4FEA4D01AB17}.Debug|x64.Build.0 = Debug|Any CPU
		{4BE589DE-6DC3-4DA5-B3A1-4FEA4D01AB17}.Debug|x86.ActiveCfg = Debug|Any CPU
		{4BE589DE-6DC3-4DA5-B3A1-4FEA4D01AB17}.Debug|x86.Build.0 = Debug|Any CPU
		{4BE589DE-6DC3-4DA5-B3A1-4FEA4D01AB17}.Release|Any CPU.ActiveCfg = Release|Any CPU
		{4BE589DE-6DC3-4DA5-B3A1-4FEA4D01AB17}.Release|Any CPU.Build.0 = Release|Any CPU
		{4BE589DE-6DC3-4DA5-B3A1-4FEA4D01AB17}.Release|x64.ActiveCfg = Release|Any CPU
		{4BE589DE-6DC3-4DA5-B3A1-4FEA4D01AB17}.Release|x64.Build.0 = Release|Any CPU
		{4BE589DE-6DC3-4DA5-B3A1-4FEA4D01AB17}.Release|x86.ActiveCfg = Release|Any CPU
		{4BE589DE-6DC3-4DA5-B3A1-4FEA4D01AB17}.Release|x86.Build.0 = Release|Any CPU
		{983F828A-E09B-43A3-A26B-F86A00BCD019}.Debug|Any CPU.ActiveCfg = Debug|Any CPU
		{983F828A-E09B-43A3-A26B-F86A00BCD019}.Debug|Any CPU.Build.0 = Debug|Any CPU
		{983F828A-E09B-43A3-A26B-F86A00BCD019}.Debug|x64.ActiveCfg = Debug|Any CPU
		{983F828A-E09B-43A3-A26B-F86A00BCD019}.Debug|x64.Build.0 = Debug|Any CPU
		{983F828A-E09B-43A3-A26B-F86A00BCD019}.Debug|x86.ActiveCfg = Debug|Any CPU
		{983F828A-E09B-43A3-A26B-F86A00BCD019}.Debug|x86.Build.0 = Debug|Any CPU
		{983F828A-E09B-43A3-A26B-F86A00BCD019}.Release|Any CPU.ActiveCfg = Release|Any CPU
		{983F828A-E09B-43A3-A26B-F86A00BCD019}.Release|Any CPU.Build.0 = Release|Any CPU
		{983F828A-E09B-43A3-A26B-F86A00BCD019}.Release|x64.ActiveCfg = Release|Any CPU
		{983F828A-E09B-43A3-A26B-F86A00BCD019}.Release|x64.Build.0 = Release|Any CPU
		{983F828A-E09B-43A3-A26B-F86A00BCD019}.Release|x86.ActiveCfg = Release|Any CPU
		{983F828A-E09B-43A3-A26B-F86A00BCD019}.Release|x86.Build.0 = Release|Any CPU
		{495FF33E-D00C-49A3-8C73-063CEFEB2919}.Debug|Any CPU.ActiveCfg = Debug|Any CPU
		{495FF33E-D00C-49A3-8C73-063CEFEB2919}.Debug|Any CPU.Build.0 = Debug|Any CPU
		{495FF33E-D00C-49A3-8C73-063CEFEB2919}.Debug|x64.ActiveCfg = Debug|Any CPU
		{495FF33E-D00C-49A3-8C73-063CEFEB2919}.Debug|x64.Build.0 = Debug|Any CPU
		{495FF33E-D00C-49A3-8C73-063CEFEB2919}.Debug|x86.ActiveCfg = Debug|Any CPU
		{495FF33E-D00C-49A3-8C73-063CEFEB2919}.Debug|x86.Build.0 = Debug|Any CPU
		{495FF33E-D00C-49A3-8C73-063CEFEB2919}.Release|Any CPU.ActiveCfg = Release|Any CPU
		{495FF33E-D00C-49A3-8C73-063CEFEB2919}.Release|Any CPU.Build.0 = Release|Any CPU
		{495FF33E-D00C-49A3-8C73-063CEFEB2919}.Release|x64.ActiveCfg = Release|Any CPU
		{495FF33E-D00C-49A3-8C73-063CEFEB2919}.Release|x64.Build.0 = Release|Any CPU
		{495FF33E-D00C-49A3-8C73-063CEFEB2919}.Release|x86.ActiveCfg = Release|Any CPU
		{495FF33E-D00C-49A3-8C73-063CEFEB2919}.Release|x86.Build.0 = Release|Any CPU
		{61F350A6-EFAB-4DBD-AA79-A2052414A013}.Debug|Any CPU.ActiveCfg = Debug|Any CPU
		{61F350A6-EFAB-4DBD-AA79-A2052414A013}.Debug|Any CPU.Build.0 = Debug|Any CPU
		{61F350A6-EFAB-4DBD-AA79-A2052414A013}.Debug|x64.ActiveCfg = Debug|Any CPU
		{61F350A6-EFAB-4DBD-AA79-A2052414A013}.Debug|x64.Build.0 = Debug|Any CPU
		{61F350A6-EFAB-4DBD-AA79-A2052414A013}.Debug|x86.ActiveCfg = Debug|Any CPU
		{61F350A6-EFAB-4DBD-AA79-A2052414A013}.Debug|x86.Build.0 = Debug|Any CPU
		{61F350A6-EFAB-4DBD-AA79-A2052414A013}.Release|Any CPU.ActiveCfg = Release|Any CPU
		{61F350A6-EFAB-4DBD-AA79-A2052414A013}.Release|Any CPU.Build.0 = Release|Any CPU
		{61F350A6-EFAB-4DBD-AA79-A2052414A013}.Release|x64.ActiveCfg = Release|Any CPU
		{61F350A6-EFAB-4DBD-AA79-A2052414A013}.Release|x64.Build.0 = Release|Any CPU
		{61F350A6-EFAB-4DBD-AA79-A2052414A013}.Release|x86.ActiveCfg = Release|Any CPU
		{61F350A6-EFAB-4DBD-AA79-A2052414A013}.Release|x86.Build.0 = Release|Any CPU
		{1104CD1A-F492-44D6-9036-C6D189E37667}.Debug|Any CPU.ActiveCfg = Debug|Any CPU
		{1104CD1A-F492-44D6-9036-C6D189E37667}.Debug|Any CPU.Build.0 = Debug|Any CPU
		{1104CD1A-F492-44D6-9036-C6D189E37667}.Debug|x64.ActiveCfg = Debug|Any CPU
		{1104CD1A-F492-44D6-9036-C6D189E37667}.Debug|x64.Build.0 = Debug|Any CPU
		{1104CD1A-F492-44D6-9036-C6D189E37667}.Debug|x86.ActiveCfg = Debug|Any CPU
		{1104CD1A-F492-44D6-9036-C6D189E37667}.Debug|x86.Build.0 = Debug|Any CPU
		{1104CD1A-F492-44D6-9036-C6D189E37667}.Release|Any CPU.ActiveCfg = Release|Any CPU
		{1104CD1A-F492-44D6-9036-C6D189E37667}.Release|Any CPU.Build.0 = Release|Any CPU
		{1104CD1A-F492-44D6-9036-C6D189E37667}.Release|x64.ActiveCfg = Release|Any CPU
		{1104CD1A-F492-44D6-9036-C6D189E37667}.Release|x64.Build.0 = Release|Any CPU
		{1104CD1A-F492-44D6-9036-C6D189E37667}.Release|x86.ActiveCfg = Release|Any CPU
		{1104CD1A-F492-44D6-9036-C6D189E37667}.Release|x86.Build.0 = Release|Any CPU
		{43FFAD60-7A28-4461-A1CC-2377E97847E0}.Debug|Any CPU.ActiveCfg = Debug|Any CPU
		{43FFAD60-7A28-4461-A1CC-2377E97847E0}.Debug|Any CPU.Build.0 = Debug|Any CPU
		{43FFAD60-7A28-4461-A1CC-2377E97847E0}.Debug|x64.ActiveCfg = Debug|Any CPU
		{43FFAD60-7A28-4461-A1CC-2377E97847E0}.Debug|x64.Build.0 = Debug|Any CPU
		{43FFAD60-7A28-4461-A1CC-2377E97847E0}.Debug|x86.ActiveCfg = Debug|Any CPU
		{43FFAD60-7A28-4461-A1CC-2377E97847E0}.Debug|x86.Build.0 = Debug|Any CPU
		{43FFAD60-7A28-4461-A1CC-2377E97847E0}.Release|Any CPU.ActiveCfg = Release|Any CPU
		{43FFAD60-7A28-4461-A1CC-2377E97847E0}.Release|Any CPU.Build.0 = Release|Any CPU
		{43FFAD60-7A28-4461-A1CC-2377E97847E0}.Release|x64.ActiveCfg = Release|Any CPU
		{43FFAD60-7A28-4461-A1CC-2377E97847E0}.Release|x64.Build.0 = Release|Any CPU
		{43FFAD60-7A28-4461-A1CC-2377E97847E0}.Release|x86.ActiveCfg = Release|Any CPU
		{43FFAD60-7A28-4461-A1CC-2377E97847E0}.Release|x86.Build.0 = Release|Any CPU
	EndGlobalSection
	GlobalSection(SolutionProperties) = preSolution
		HideSolutionNode = FALSE
	EndGlobalSection
	GlobalSection(NestedProjects) = preSolution
		{580459B1-2454-B1D6-7C9B-FACCBBFF1222} = {FBF56CC3-7AE6-AD2D-3F14-7F97FD322CD6}
		{04ED244A-E41D-46EF-AD97-DFB4092A05A5} = {580459B1-2454-B1D6-7C9B-FACCBBFF1222}
		{F8AAC420-0520-4A55-B0E4-DF1B5B380E00} = {580459B1-2454-B1D6-7C9B-FACCBBFF1222}
		{AC2D89EB-DD23-B592-6767-98AD18873DEA} = {97EB579D-CD49-5AC6-AC90-F6D1C316749C}
		{BC0C7E38-F74F-445E-8267-A6D5AA08CF53} = {AC2D89EB-DD23-B592-6767-98AD18873DEA}
		{23F8D3DD-870D-43DF-B577-3EF0DF5E2B62} = {AC2D89EB-DD23-B592-6767-98AD18873DEA}
		{96FE8F44-D942-B9CF-C567-FC835066A5B1} = {E3443D5C-F8CD-24D3-6C6B-AC316B518D5F}
		{691619C5-E1BD-4AE5-9D73-7CAC20EDEC78} = {96FE8F44-D942-B9CF-C567-FC835066A5B1}
		{89339CB5-4EAD-4829-947E-F68B73457623} = {96FE8F44-D942-B9CF-C567-FC835066A5B1}
		{CAA9075C-E5DE-23E9-A4B0-8B58AFBE2ACA} = {F35E57D2-F340-7EB1-4799-657684F5EB55}
		{AD5E62C8-8824-4246-A145-0FB69FAA5014} = {CAA9075C-E5DE-23E9-A4B0-8B58AFBE2ACA}
		{CF0867A3-BB30-4BE3-9529-4E8D25316A88} = {CAA9075C-E5DE-23E9-A4B0-8B58AFBE2ACA}
		{748C6DE1-2217-ADAC-3349-FF799007D812} = {5CF311C2-5115-00DC-9C1F-DA02D91D74C4}
		{7959E082-1E2E-408D-9C00-437C957665B9} = {748C6DE1-2217-ADAC-3349-FF799007D812}
		{9AB4F7CC-F914-4D3A-8344-6FC60DB64868} = {748C6DE1-2217-ADAC-3349-FF799007D812}
		{C46280ED-A64A-F3EC-CAA2-5CD2DA9EBA29} = {64EC8977-881E-1732-A85A-0839FB3A94AC}
		{6037A1FD-1F26-4752-B0B3-2C111ACABF21} = {C46280ED-A64A-F3EC-CAA2-5CD2DA9EBA29}
		{65F4020B-7D05-4D0A-B889-28F834BD9677} = {C46280ED-A64A-F3EC-CAA2-5CD2DA9EBA29}
		{40C44E80-7276-AD52-A821-BFC643F7E383} = {A1C0BB3D-44F5-04ED-E2C0-66F223FC7319}
		{322138A0-29B3-411F-91D6-8BDDD76D4453} = {40C44E80-7276-AD52-A821-BFC643F7E383}
		{6E1CE1DF-CEF9-4480-9692-79CB03150428} = {40C44E80-7276-AD52-A821-BFC643F7E383}
		{85166930-86CB-A0F3-FAE6-26191F73A573} = {0A94FD27-2B9E-3A90-3691-A1678CBB98FA}
		{EF51C878-54A9-41C5-9058-E0A4439D2028} = {85166930-86CB-A0F3-FAE6-26191F73A573}
		{6646C0B9-6831-4621-9B3D-E525FC224BEC} = {85166930-86CB-A0F3-FAE6-26191F73A573}
		{54D24143-3919-10F3-BE5D-10E3E102E24F} = {2AF6EC68-C70A-04D0-ACAA-4CB62C3BCFF6}
		{4BE589DE-6DC3-4DA5-B3A1-4FEA4D01AB17} = {54D24143-3919-10F3-BE5D-10E3E102E24F}
		{983F828A-E09B-43A3-A26B-F86A00BCD019} = {54D24143-3919-10F3-BE5D-10E3E102E24F}
		{D3503523-1B58-8061-BD0D-827CD7D5BFF6} = {9B47211B-022C-6977-8F60-2E3F1E2B3044}
		{495FF33E-D00C-49A3-8C73-063CEFEB2919} = {D3503523-1B58-8061-BD0D-827CD7D5BFF6}
		{61F350A6-EFAB-4DBD-AA79-A2052414A013} = {D3503523-1B58-8061-BD0D-827CD7D5BFF6}
		{994D4ED7-542B-1ECF-8EBE-FD0411DB5600} = {0CDAD736-5680-860F-1AF4-55DAC0CD6A67}
		{1104CD1A-F492-44D6-9036-C6D189E37667} = {994D4ED7-542B-1ECF-8EBE-FD0411DB5600}
		{43FFAD60-7A28-4461-A1CC-2377E97847E0} = {994D4ED7-542B-1ECF-8EBE-FD0411DB5600}
	EndGlobalSection
EndGlobal
